{
  "version": 4,
  "terraform_version": "1.5.2",
  "serial": 114,
  "lineage": "e19f034c-caef-ef20-3ab4-33932fc455f5",
  "outputs": {},
  "resources": [
    {
      "module": "module.terraform-codes",
      "mode": "data",
      "type": "aws_availability_zones",
      "name": "available",
      "provider": "module.terraform-codes.provider[\"registry.terraform.io/hashicorp/aws\"]",
      "instances": [
        {
          "schema_version": 0,
          "attributes": {
            "all_availability_zones": null,
            "exclude_names": [
              "ap-northeast-2a",
              "ap-northeast-2c"
            ],
            "exclude_zone_ids": null,
            "filter": null,
            "group_names": [
              "ap-northeast-2"
            ],
            "id": "ap-northeast-2",
            "names": [
              "ap-northeast-2b",
              "ap-northeast-2d"
            ],
            "state": null,
            "timeouts": null,
            "zone_ids": [
              "apne2-az2",
              "apne2-az4"
            ]
          },
          "sensitive_attributes": []
        }
      ]
    },
    {
      "module": "module.terraform-codes",
      "mode": "managed",
      "type": "aws_eks_cluster",
      "name": "test-eks-cluster",
      "provider": "module.terraform-codes.provider[\"registry.terraform.io/hashicorp/aws\"]",
      "instances": [
        {
          "schema_version": 0,
          "attributes": {
            "arn": "arn:aws:eks:ap-northeast-2:956675039632:cluster/test-eks-cluster",
            "certificate_authority": [
              {
                "data": "LS0tLS1CRUdJTiBDRVJUSUZJQ0FURS0tLS0tCk1JSUMvakNDQWVhZ0F3SUJBZ0lCQURBTkJna3Foa2lHOXcwQkFRc0ZBREFWTVJNd0VRWURWUVFERXdwcmRXSmwKY201bGRHVnpNQjRYRFRJek1EY3pNVEV6TVRFeE1Gb1hEVE16TURjeU9ERXpNVEV4TUZvd0ZURVRNQkVHQTFVRQpBeE1LYTNWaVpYSnVaWFJsY3pDQ0FTSXdEUVlKS29aSWh2Y05BUUVCQlFBRGdnRVBBRENDQVFvQ2dnRUJBTlJMCk5lYlRXRVpzZVJvTk9sYk5RRUI4dFZTNFVzdUd0N1kyQXAvZ0tSTk51LzI2MmhTSjg2OVQ1eEkrajB6SmZlQ3cKRUprdnZPS0tWOW0wWlBwZzYwWWNuaEQ1bHB3emc5ZEdnQmEwdDNOOURWZit4ZTlpcXdiM0FtWVdEZzNTWkZUZgpOTmFvNnRhQmJXK2ZwNGZPM0pUY3dvZ1hraHZERjdxQXZlOGs1TFcrWE1tTjVUeVlkTGlCN0FybFJCQWVPM3k2CnlHeC96cXV3TlBEaUFLaEtxSU1qNEU5TG9QRjFROEoxTmtlYmpkUXkxZ3B6Nk5acCs5OXhnUFE2Mm41ZW9xSDAKVVpQQmVnTGRLdXdnNDFUSUs1Q2RYNW95TmRoMXhjSldwVEFmVFlIUnhaREJpTDlZQ2VQOWFpTk5tWHRiSlZSMwo3MGdKTHBFMVlJTG12MG03MWFjQ0F3RUFBYU5aTUZjd0RnWURWUjBQQVFIL0JBUURBZ0trTUE4R0ExVWRFd0VCCi93UUZNQU1CQWY4d0hRWURWUjBPQkJZRUZKUmJJVGJnU29FVTREUVdXNHhnVGJmVjB2ckdNQlVHQTFVZEVRUU8KTUF5Q0NtdDFZbVZ5Ym1WMFpYTXdEUVlKS29aSWh2Y05BUUVMQlFBRGdnRUJBTEtaRDNGNURiZFlEN1J1K3JyaQorWUlTd3R3OUZadDJxMHNrVlJlUEhFYXpCTzJXTzZRK1krOTBENzN0bUNaNkVsQW8wMlFTT2xFcVdGUFduK2VZCldtTTlNSFEzcmIzd3Z3S1l0SjNiYzBJaUhoVmJjYmdNYWduaWhTb205NU9MeWIrSEFxYjRNbVlmOWVTRkVwclYKS2NuMGZyYmZ3Y1A1SHJPaXNad1I1MG4rQnRCaFVBeUJVZzRDQ1o1bWNPblhiT1lad0UxMkJoSXpxVE9CK2RsOQpWaHhiTEcveGZ0VFNnVCtzS3NmVy9jNmZaVGJSTTFnS0l6bm94VjhKaDJhcXlObktDdHVJQk1IK2UrQWFFMFRnCjN2ZXJ0N240TDZ4ajQ4YkwvUFhXaDR5Mmw1d2xUclA4MGVHOE80bWRSRW00ZGpUVFhoKzFDRjVWREZNR1E0ZXUKcERzPQotLS0tLUVORCBDRVJUSUZJQ0FURS0tLS0tCg=="
              }
            ],
            "cluster_id": null,
            "created_at": "2023-07-31 13:06:10.526 +0000 UTC",
            "enabled_cluster_log_types": [
              "api",
              "audit",
              "authenticator",
              "controllerManager",
              "scheduler"
            ],
            "encryption_config": [],
            "endpoint": "https://2CFC87C739487C8FAAA8165AACBBDC6E.gr7.ap-northeast-2.eks.amazonaws.com",
            "id": "test-eks-cluster",
            "identity": [
              {
                "oidc": [
                  {
                    "issuer": "https://oidc.eks.ap-northeast-2.amazonaws.com/id/2CFC87C739487C8FAAA8165AACBBDC6E"
                  }
                ]
              }
            ],
            "kubernetes_network_config": [
              {
                "ip_family": "ipv4",
                "service_ipv4_cidr": "10.100.0.0/16",
                "service_ipv6_cidr": ""
              }
            ],
            "name": "test-eks-cluster",
            "outpost_config": [],
            "platform_version": "eks.3",
            "role_arn": "arn:aws:iam::956675039632:role/test-iam-role-eks-cluster",
            "status": "ACTIVE",
            "tags": null,
            "tags_all": {},
            "timeouts": null,
            "version": "1.27",
            "vpc_config": [
              {
                "cluster_security_group_id": "sg-083ecbb6f62136528",
                "endpoint_private_access": false,
                "endpoint_public_access": true,
                "public_access_cidrs": [
                  "0.0.0.0/0"
                ],
                "security_group_ids": [
                  "sg-00809a184d79e4585"
                ],
                "subnet_ids": [
                  "subnet-0c50fd891d88bbbf4",
                  "subnet-0fc7f1ff5dfaa17c4"
                ],
                "vpc_id": "vpc-052c5d994ce4cb744"
              }
            ]
          },
          "sensitive_attributes": [],
          "private": "eyJlMmJmYjczMC1lY2FhLTExZTYtOGY4OC0zNDM2M2JjN2M0YzAiOnsiY3JlYXRlIjoxODAwMDAwMDAwMDAwLCJkZWxldGUiOjkwMDAwMDAwMDAwMCwidXBkYXRlIjozNjAwMDAwMDAwMDAwfX0=",
          "dependencies": [
            "module.terraform-codes.aws_iam_role.test-iam-role-eks-cluster",
            "module.terraform-codes.aws_iam_role_policy_attachment.test-iam-policy-eks-cluster",
            "module.terraform-codes.aws_iam_role_policy_attachment.test-iam-policy-eks-cluster-vpc",
            "module.terraform-codes.aws_security_group.test-sg-eks-cluster",
            "module.terraform-codes.aws_subnet.test-public-subnet1",
            "module.terraform-codes.aws_subnet.test-public-subnet3",
            "module.terraform-codes.aws_vpc.test-vpc"
          ]
        }
      ]
    },
    {
      "module": "module.terraform-codes",
      "mode": "managed",
      "type": "aws_eks_node_group",
      "name": "test-eks-nodegroup",
      "provider": "module.terraform-codes.provider[\"registry.terraform.io/hashicorp/aws\"]",
      "instances": [
        {
          "schema_version": 0,
          "attributes": {
            "ami_type": "AL2_x86_64",
            "arn": "arn:aws:eks:ap-northeast-2:956675039632:nodegroup/test-eks-cluster/test-eks-nodegroup/32c4d60a-9d66-843e-332c-10c63c607eb5",
            "capacity_type": "ON_DEMAND",
            "cluster_name": "test-eks-cluster",
            "disk_size": 20,
            "force_update_version": null,
            "id": "test-eks-cluster:test-eks-nodegroup",
            "instance_types": [
              "t3a.medium"
            ],
            "labels": {
              "role": "eks-nodegroup"
            },
            "launch_template": [],
            "node_group_name": "test-eks-nodegroup",
            "node_group_name_prefix": "",
            "node_role_arn": "arn:aws:iam::956675039632:role/test-iam-role-eks-nodegroup",
            "release_version": "1.27.3-20230711",
            "remote_access": [],
            "resources": [
              {
                "autoscaling_groups": [
                  {
                    "name": "eks-test-eks-nodegroup-32c4d60a-9d66-843e-332c-10c63c607eb5"
                  }
                ],
                "remote_access_security_group_id": ""
              }
            ],
            "scaling_config": [
              {
                "desired_size": 2,
                "max_size": 3,
                "min_size": 1
              }
            ],
            "status": "ACTIVE",
            "subnet_ids": [
              "subnet-0c50fd891d88bbbf4",
              "subnet-0fc7f1ff5dfaa17c4"
            ],
            "tags": {
              "Name": "test-eks-cluster-worker-node"
            },
            "tags_all": {
              "Name": "test-eks-cluster-worker-node"
            },
            "taint": [],
            "timeouts": null,
            "update_config": [
              {
                "max_unavailable": 1,
                "max_unavailable_percentage": 0
              }
            ],
            "version": "1.27"
          },
          "sensitive_attributes": [],
          "private": "eyJlMmJmYjczMC1lY2FhLTExZTYtOGY4OC0zNDM2M2JjN2M0YzAiOnsiY3JlYXRlIjozNjAwMDAwMDAwMDAwLCJkZWxldGUiOjM2MDAwMDAwMDAwMDAsInVwZGF0ZSI6MzYwMDAwMDAwMDAwMH19",
          "dependencies": [
            "module.terraform-codes.aws_eks_cluster.test-eks-cluster",
            "module.terraform-codes.aws_iam_role.test-iam-role-eks-cluster",
            "module.terraform-codes.aws_iam_role.test-iam-role-eks-nodegroup",
            "module.terraform-codes.aws_iam_role_policy_attachment.test-iam-policy-eks-cluster",
            "module.terraform-codes.aws_iam_role_policy_attachment.test-iam-policy-eks-cluster-vpc",
            "module.terraform-codes.aws_iam_role_policy_attachment.test-iam-policy-eks-nodegroup",
            "module.terraform-codes.aws_iam_role_policy_attachment.test-iam-policy-eks-nodegroup-cni",
            "module.terraform-codes.aws_iam_role_policy_attachment.test-iam-policy-eks-nodegroup-ecr",
            "module.terraform-codes.aws_security_group.test-sg-eks-cluster",
            "module.terraform-codes.aws_subnet.test-public-subnet1",
            "module.terraform-codes.aws_subnet.test-public-subnet3",
            "module.terraform-codes.aws_vpc.test-vpc"
          ]
        }
      ]
    },
    {
      "module": "module.terraform-codes",
      "mode": "managed",
      "type": "aws_iam_role",
      "name": "test-iam-role-eks-cluster",
      "provider": "module.terraform-codes.provider[\"registry.terraform.io/hashicorp/aws\"]",
      "instances": [
        {
          "schema_version": 0,
          "attributes": {
            "arn": "arn:aws:iam::956675039632:role/test-iam-role-eks-cluster",
            "assume_role_policy": "{\"Statement\":[{\"Action\":\"sts:AssumeRole\",\"Effect\":\"Allow\",\"Principal\":{\"Service\":\"eks.amazonaws.com\"}}],\"Version\":\"2012-10-17\"}",
            "create_date": "2023-07-31T13:05:58Z",
            "description": "",
            "force_detach_policies": false,
            "id": "test-iam-role-eks-cluster",
            "inline_policy": [],
            "managed_policy_arns": [],
            "max_session_duration": 3600,
            "name": "test-iam-role-eks-cluster",
            "name_prefix": "",
            "path": "/",
            "permissions_boundary": null,
            "tags": null,
            "tags_all": {},
            "unique_id": "AROA55PSGUGIFVSLFX6QC"
          },
          "sensitive_attributes": [],
          "private": "bnVsbA=="
        }
      ]
    },
    {
      "module": "module.terraform-codes",
      "mode": "managed",
      "type": "aws_iam_role",
      "name": "test-iam-role-eks-nodegroup",
      "provider": "module.terraform-codes.provider[\"registry.terraform.io/hashicorp/aws\"]",
      "instances": [
        {
          "schema_version": 0,
          "attributes": {
            "arn": "arn:aws:iam::956675039632:role/test-iam-role-eks-nodegroup",
            "assume_role_policy": "{\"Statement\":[{\"Action\":\"sts:AssumeRole\",\"Effect\":\"Allow\",\"Principal\":{\"Service\":\"ec2.amazonaws.com\"}}],\"Version\":\"2012-10-17\"}",
            "create_date": "2023-07-31T13:05:58Z",
            "description": "",
            "force_detach_policies": false,
            "id": "test-iam-role-eks-nodegroup",
            "inline_policy": [],
            "managed_policy_arns": [],
            "max_session_duration": 3600,
            "name": "test-iam-role-eks-nodegroup",
            "name_prefix": "",
            "path": "/",
            "permissions_boundary": null,
            "tags": null,
            "tags_all": {},
            "unique_id": "AROA55PSGUGIF2PYOI6HB"
          },
          "sensitive_attributes": [],
          "private": "bnVsbA=="
        }
      ]
    },
    {
      "module": "module.terraform-codes",
      "mode": "managed",
      "type": "aws_iam_role_policy_attachment",
      "name": "test-iam-policy-eks-cluster",
      "provider": "module.terraform-codes.provider[\"registry.terraform.io/hashicorp/aws\"]",
      "instances": [
        {
          "schema_version": 0,
          "attributes": {
            "id": "test-iam-role-eks-cluster-20230731130559746400000004",
            "policy_arn": "arn:aws:iam::aws:policy/AmazonEKSClusterPolicy",
            "role": "test-iam-role-eks-cluster"
          },
          "sensitive_attributes": [],
          "private": "bnVsbA==",
          "dependencies": [
            "module.terraform-codes.aws_iam_role.test-iam-role-eks-cluster"
          ]
        }
      ]
    },
    {
      "module": "module.terraform-codes",
      "mode": "managed",
      "type": "aws_iam_role_policy_attachment",
      "name": "test-iam-policy-eks-cluster-vpc",
      "provider": "module.terraform-codes.provider[\"registry.terraform.io/hashicorp/aws\"]",
      "instances": [
        {
          "schema_version": 0,
          "attributes": {
            "id": "test-iam-role-eks-cluster-20230731130559943100000005",
            "policy_arn": "arn:aws:iam::aws:policy/AmazonEKSVPCResourceController",
            "role": "test-iam-role-eks-cluster"
          },
          "sensitive_attributes": [],
          "private": "bnVsbA==",
          "dependencies": [
            "module.terraform-codes.aws_iam_role.test-iam-role-eks-cluster"
          ]
        }
      ]
    },
    {
      "module": "module.terraform-codes",
      "mode": "managed",
      "type": "aws_iam_role_policy_attachment",
      "name": "test-iam-policy-eks-nodegroup",
      "provider": "module.terraform-codes.provider[\"registry.terraform.io/hashicorp/aws\"]",
      "instances": [
        {
          "schema_version": 0,
          "attributes": {
            "id": "test-iam-role-eks-nodegroup-20230731130559500200000002",
            "policy_arn": "arn:aws:iam::aws:policy/AmazonEKSWorkerNodePolicy",
            "role": "test-iam-role-eks-nodegroup"
          },
          "sensitive_attributes": [],
          "private": "bnVsbA==",
          "dependencies": [
            "module.terraform-codes.aws_iam_role.test-iam-role-eks-nodegroup"
          ]
        }
      ]
    },
    {
      "module": "module.terraform-codes",
      "mode": "managed",
      "type": "aws_iam_role_policy_attachment",
      "name": "test-iam-policy-eks-nodegroup-cni",
      "provider": "module.terraform-codes.provider[\"registry.terraform.io/hashicorp/aws\"]",
      "instances": [
        {
          "schema_version": 0,
          "attributes": {
            "id": "test-iam-role-eks-nodegroup-20230731130559717300000003",
            "policy_arn": "arn:aws:iam::aws:policy/AmazonEKS_CNI_Policy",
            "role": "test-iam-role-eks-nodegroup"
          },
          "sensitive_attributes": [],
          "private": "bnVsbA==",
          "dependencies": [
            "module.terraform-codes.aws_iam_role.test-iam-role-eks-nodegroup"
          ]
        }
      ]
    },
    {
      "module": "module.terraform-codes",
      "mode": "managed",
      "type": "aws_iam_role_policy_attachment",
      "name": "test-iam-policy-eks-nodegroup-ecr",
      "provider": "module.terraform-codes.provider[\"registry.terraform.io/hashicorp/aws\"]",
      "instances": [
        {
          "schema_version": 0,
          "attributes": {
            "id": "test-iam-role-eks-nodegroup-20230731130559469800000001",
            "policy_arn": "arn:aws:iam::aws:policy/AmazonEC2ContainerRegistryReadOnly",
            "role": "test-iam-role-eks-nodegroup"
          },
          "sensitive_attributes": [],
          "private": "bnVsbA==",
          "dependencies": [
            "module.terraform-codes.aws_iam_role.test-iam-role-eks-nodegroup"
          ]
        }
      ]
    },
    {
      "module": "module.terraform-codes",
      "mode": "managed",
      "type": "aws_internet_gateway",
      "name": "test-internet-gateway",
      "provider": "module.terraform-codes.provider[\"registry.terraform.io/hashicorp/aws\"]",
      "instances": [
        {
          "schema_version": 0,
          "attributes": {
            "arn": "arn:aws:ec2:ap-northeast-2:956675039632:internet-gateway/igw-0811b871ccb59ccb8",
            "id": "igw-0811b871ccb59ccb8",
            "owner_id": "956675039632",
            "tags": null,
            "tags_all": {},
            "timeouts": null,
            "vpc_id": "vpc-052c5d994ce4cb744"
          },
          "sensitive_attributes": [],
          "private": "eyJlMmJmYjczMC1lY2FhLTExZTYtOGY4OC0zNDM2M2JjN2M0YzAiOnsiY3JlYXRlIjoxMjAwMDAwMDAwMDAwLCJkZWxldGUiOjEyMDAwMDAwMDAwMDAsInVwZGF0ZSI6MTIwMDAwMDAwMDAwMH19",
          "dependencies": [
            "module.terraform-codes.aws_vpc.test-vpc"
          ]
        }
      ]
    },
    {
      "module": "module.terraform-codes",
      "mode": "managed",
      "type": "aws_route_table",
      "name": "test-route-table-pub-sub1",
      "provider": "module.terraform-codes.provider[\"registry.terraform.io/hashicorp/aws\"]",
      "instances": [
        {
          "schema_version": 0,
          "attributes": {
            "arn": "arn:aws:ec2:ap-northeast-2:956675039632:route-table/rtb-098366b905aac933b",
            "id": "rtb-098366b905aac933b",
            "owner_id": "956675039632",
            "propagating_vgws": [],
            "route": [
              {
                "carrier_gateway_id": "",
                "cidr_block": "0.0.0.0/0",
                "core_network_arn": "",
                "destination_prefix_list_id": "",
                "egress_only_gateway_id": "",
                "gateway_id": "igw-0811b871ccb59ccb8",
                "ipv6_cidr_block": "",
                "local_gateway_id": "",
                "nat_gateway_id": "",
                "network_interface_id": "",
                "transit_gateway_id": "",
                "vpc_endpoint_id": "",
                "vpc_peering_connection_id": ""
              }
            ],
            "tags": {
              "Name": "test-route-table-pub-sub1"
            },
            "tags_all": {
              "Name": "test-route-table-pub-sub1"
            },
            "timeouts": null,
            "vpc_id": "vpc-052c5d994ce4cb744"
          },
          "sensitive_attributes": [],
          "private": "eyJlMmJmYjczMC1lY2FhLTExZTYtOGY4OC0zNDM2M2JjN2M0YzAiOnsiY3JlYXRlIjozMDAwMDAwMDAwMDAsImRlbGV0ZSI6MzAwMDAwMDAwMDAwLCJ1cGRhdGUiOjEyMDAwMDAwMDAwMH19",
          "dependencies": [
            "module.terraform-codes.aws_internet_gateway.test-internet-gateway",
            "module.terraform-codes.aws_vpc.test-vpc"
          ]
        }
      ]
    },
    {
      "module": "module.terraform-codes",
      "mode": "managed",
      "type": "aws_route_table",
      "name": "test-route-table-pub-sub3",
      "provider": "module.terraform-codes.provider[\"registry.terraform.io/hashicorp/aws\"]",
      "instances": [
        {
          "schema_version": 0,
          "attributes": {
            "arn": "arn:aws:ec2:ap-northeast-2:956675039632:route-table/rtb-037690b675b9ee089",
            "id": "rtb-037690b675b9ee089",
            "owner_id": "956675039632",
            "propagating_vgws": [],
            "route": [
              {
                "carrier_gateway_id": "",
                "cidr_block": "0.0.0.0/0",
                "core_network_arn": "",
                "destination_prefix_list_id": "",
                "egress_only_gateway_id": "",
                "gateway_id": "igw-0811b871ccb59ccb8",
                "ipv6_cidr_block": "",
                "local_gateway_id": "",
                "nat_gateway_id": "",
                "network_interface_id": "",
                "transit_gateway_id": "",
                "vpc_endpoint_id": "",
                "vpc_peering_connection_id": ""
              }
            ],
            "tags": {
              "Name": "test-route-table-pub-sub3"
            },
            "tags_all": {
              "Name": "test-route-table-pub-sub3"
            },
            "timeouts": null,
            "vpc_id": "vpc-052c5d994ce4cb744"
          },
          "sensitive_attributes": [],
          "private": "eyJlMmJmYjczMC1lY2FhLTExZTYtOGY4OC0zNDM2M2JjN2M0YzAiOnsiY3JlYXRlIjozMDAwMDAwMDAwMDAsImRlbGV0ZSI6MzAwMDAwMDAwMDAwLCJ1cGRhdGUiOjEyMDAwMDAwMDAwMH19",
          "dependencies": [
            "module.terraform-codes.aws_internet_gateway.test-internet-gateway",
            "module.terraform-codes.aws_vpc.test-vpc"
          ]
        }
      ]
    },
    {
      "module": "module.terraform-codes",
      "mode": "managed",
      "type": "aws_route_table_association",
      "name": "test-route-association-pub-sub1",
      "provider": "module.terraform-codes.provider[\"registry.terraform.io/hashicorp/aws\"]",
      "instances": [
        {
          "schema_version": 0,
          "attributes": {
            "gateway_id": "",
            "id": "rtbassoc-0cd668959dc32ac69",
            "route_table_id": "rtb-098366b905aac933b",
            "subnet_id": "subnet-0c50fd891d88bbbf4",
            "timeouts": null
          },
          "sensitive_attributes": [],
          "private": "eyJlMmJmYjczMC1lY2FhLTExZTYtOGY4OC0zNDM2M2JjN2M0YzAiOnsiY3JlYXRlIjozMDAwMDAwMDAwMDAsImRlbGV0ZSI6MzAwMDAwMDAwMDAwLCJ1cGRhdGUiOjEyMDAwMDAwMDAwMH19",
          "dependencies": [
            "module.terraform-codes.aws_internet_gateway.test-internet-gateway",
            "module.terraform-codes.aws_route_table.test-route-table-pub-sub1",
            "module.terraform-codes.aws_subnet.test-public-subnet1",
            "module.terraform-codes.aws_vpc.test-vpc"
          ]
        }
      ]
    },
    {
      "module": "module.terraform-codes",
      "mode": "managed",
      "type": "aws_route_table_association",
      "name": "test-route-association-pub-sub3",
      "provider": "module.terraform-codes.provider[\"registry.terraform.io/hashicorp/aws\"]",
      "instances": [
        {
          "schema_version": 0,
          "attributes": {
            "gateway_id": "",
            "id": "rtbassoc-01e20550e37dd15d7",
            "route_table_id": "rtb-037690b675b9ee089",
            "subnet_id": "subnet-0fc7f1ff5dfaa17c4",
            "timeouts": null
          },
          "sensitive_attributes": [],
          "private": "eyJlMmJmYjczMC1lY2FhLTExZTYtOGY4OC0zNDM2M2JjN2M0YzAiOnsiY3JlYXRlIjozMDAwMDAwMDAwMDAsImRlbGV0ZSI6MzAwMDAwMDAwMDAwLCJ1cGRhdGUiOjEyMDAwMDAwMDAwMH19",
          "dependencies": [
            "module.terraform-codes.aws_internet_gateway.test-internet-gateway",
            "module.terraform-codes.aws_route_table.test-route-table-pub-sub3",
            "module.terraform-codes.aws_subnet.test-public-subnet3",
            "module.terraform-codes.aws_vpc.test-vpc"
          ]
        }
      ]
    },
    {
      "module": "module.terraform-codes",
      "mode": "managed",
      "type": "aws_security_group",
      "name": "test-sg-eks-cluster",
      "provider": "module.terraform-codes.provider[\"registry.terraform.io/hashicorp/aws\"]",
      "instances": [
        {
          "schema_version": 1,
          "attributes": {
            "arn": "arn:aws:ec2:ap-northeast-2:956675039632:security-group/sg-00809a184d79e4585",
            "description": "security_group for test-eks-cluster",
            "egress": [],
            "id": "sg-00809a184d79e4585",
            "ingress": [],
            "name": "test-sg-eks-cluster",
            "name_prefix": "",
            "owner_id": "956675039632",
            "revoke_rules_on_delete": false,
            "tags": {
              "Name": "test-sg-eks-cluster"
            },
            "tags_all": {
              "Name": "test-sg-eks-cluster"
            },
            "timeouts": null,
            "vpc_id": "vpc-052c5d994ce4cb744"
          },
          "sensitive_attributes": [],
          "private": "eyJlMmJmYjczMC1lY2FhLTExZTYtOGY4OC0zNDM2M2JjN2M0YzAiOnsiY3JlYXRlIjo2MDAwMDAwMDAwMDAsImRlbGV0ZSI6OTAwMDAwMDAwMDAwfSwic2NoZW1hX3ZlcnNpb24iOiIxIn0=",
          "dependencies": [
            "module.terraform-codes.aws_vpc.test-vpc"
          ]
        }
      ]
    },
    {
      "module": "module.terraform-codes",
      "mode": "managed",
      "type": "aws_security_group_rule",
      "name": "test-sg-eks-cluster-egress",
      "provider": "module.terraform-codes.provider[\"registry.terraform.io/hashicorp/aws\"]",
      "instances": [
        {
          "schema_version": 2,
          "attributes": {
            "cidr_blocks": [
              "0.0.0.0/0"
            ],
            "description": "egress security_group_rule for test-eks-cluster",
            "from_port": 0,
            "id": "sgrule-2060993290",
            "ipv6_cidr_blocks": null,
            "prefix_list_ids": null,
            "protocol": "-1",
            "security_group_id": "sg-00809a184d79e4585",
            "security_group_rule_id": "sgr-0fa79fe596f69b65e",
            "self": false,
            "source_security_group_id": null,
            "timeouts": null,
            "to_port": 0,
            "type": "egress"
          },
          "sensitive_attributes": [],
          "private": "eyJlMmJmYjczMC1lY2FhLTExZTYtOGY4OC0zNDM2M2JjN2M0YzAiOnsiY3JlYXRlIjozMDAwMDAwMDAwMDB9LCJzY2hlbWFfdmVyc2lvbiI6IjIifQ==",
          "dependencies": [
            "module.terraform-codes.aws_security_group.test-sg-eks-cluster",
            "module.terraform-codes.aws_vpc.test-vpc"
          ]
        }
      ]
    },
    {
      "module": "module.terraform-codes",
      "mode": "managed",
      "type": "aws_security_group_rule",
      "name": "test-sg-eks-cluster-ingress",
      "provider": "module.terraform-codes.provider[\"registry.terraform.io/hashicorp/aws\"]",
      "instances": [
        {
          "schema_version": 2,
          "attributes": {
            "cidr_blocks": [
              "0.0.0.0/0"
            ],
            "description": "ingress security_group_rule for test-eks-cluster",
            "from_port": 0,
            "id": "sgrule-1655509513",
            "ipv6_cidr_blocks": null,
            "prefix_list_ids": null,
            "protocol": "-1",
            "security_group_id": "sg-00809a184d79e4585",
            "security_group_rule_id": "sgr-0494a8b238ca37f31",
            "self": false,
            "source_security_group_id": null,
            "timeouts": null,
            "to_port": 0,
            "type": "ingress"
          },
          "sensitive_attributes": [],
          "private": "eyJlMmJmYjczMC1lY2FhLTExZTYtOGY4OC0zNDM2M2JjN2M0YzAiOnsiY3JlYXRlIjozMDAwMDAwMDAwMDB9LCJzY2hlbWFfdmVyc2lvbiI6IjIifQ==",
          "dependencies": [
            "module.terraform-codes.aws_security_group.test-sg-eks-cluster",
            "module.terraform-codes.aws_vpc.test-vpc"
          ]
        }
      ]
    },
    {
      "module": "module.terraform-codes",
      "mode": "managed",
      "type": "aws_subnet",
      "name": "test-public-subnet1",
      "provider": "module.terraform-codes.provider[\"registry.terraform.io/hashicorp/aws\"]",
      "instances": [
        {
          "schema_version": 1,
          "attributes": {
            "arn": "arn:aws:ec2:ap-northeast-2:956675039632:subnet/subnet-0c50fd891d88bbbf4",
            "assign_ipv6_address_on_creation": false,
            "availability_zone": "ap-northeast-2a",
            "availability_zone_id": "apne2-az1",
            "cidr_block": "172.31.0.0/20",
            "customer_owned_ipv4_pool": "",
            "enable_dns64": false,
            "enable_lni_at_device_index": 0,
            "enable_resource_name_dns_a_record_on_launch": false,
            "enable_resource_name_dns_aaaa_record_on_launch": false,
            "id": "subnet-0c50fd891d88bbbf4",
            "ipv6_cidr_block": "",
            "ipv6_cidr_block_association_id": "",
            "ipv6_native": false,
            "map_customer_owned_ip_on_launch": false,
            "map_public_ip_on_launch": true,
            "outpost_arn": "",
            "owner_id": "956675039632",
            "private_dns_hostname_type_on_launch": "ip-name",
            "tags": {
              "Name": "test-public-subnet1",
              "kubernetes.io/cluster/test-eks-cluster": "shared",
              "kubernetes.io/role/elb": "1"
            },
            "tags_all": {
              "Name": "test-public-subnet1",
              "kubernetes.io/cluster/test-eks-cluster": "shared",
              "kubernetes.io/role/elb": "1"
            },
            "timeouts": null,
            "vpc_id": "vpc-052c5d994ce4cb744"
          },
          "sensitive_attributes": [],
          "private": "eyJlMmJmYjczMC1lY2FhLTExZTYtOGY4OC0zNDM2M2JjN2M0YzAiOnsiY3JlYXRlIjo2MDAwMDAwMDAwMDAsImRlbGV0ZSI6MTIwMDAwMDAwMDAwMH0sInNjaGVtYV92ZXJzaW9uIjoiMSJ9",
          "dependencies": [
            "module.terraform-codes.aws_vpc.test-vpc"
          ]
        }
      ]
    },
    {
      "module": "module.terraform-codes",
      "mode": "managed",
      "type": "aws_subnet",
      "name": "test-public-subnet3",
      "provider": "module.terraform-codes.provider[\"registry.terraform.io/hashicorp/aws\"]",
      "instances": [
        {
          "schema_version": 1,
          "attributes": {
            "arn": "arn:aws:ec2:ap-northeast-2:956675039632:subnet/subnet-0fc7f1ff5dfaa17c4",
            "assign_ipv6_address_on_creation": false,
            "availability_zone": "ap-northeast-2c",
            "availability_zone_id": "apne2-az3",
            "cidr_block": "172.31.16.0/20",
            "customer_owned_ipv4_pool": "",
            "enable_dns64": false,
            "enable_lni_at_device_index": 0,
            "enable_resource_name_dns_a_record_on_launch": false,
            "enable_resource_name_dns_aaaa_record_on_launch": false,
            "id": "subnet-0fc7f1ff5dfaa17c4",
            "ipv6_cidr_block": "",
            "ipv6_cidr_block_association_id": "",
            "ipv6_native": false,
            "map_customer_owned_ip_on_launch": false,
            "map_public_ip_on_launch": true,
            "outpost_arn": "",
            "owner_id": "956675039632",
            "private_dns_hostname_type_on_launch": "ip-name",
            "tags": {
              "Name": "test-public-subnet3",
              "kubernetes.io/cluster/test-eks-cluster": "shared",
              "kubernetes.io/role/elb": "1"
            },
            "tags_all": {
              "Name": "test-public-subnet3",
              "kubernetes.io/cluster/test-eks-cluster": "shared",
              "kubernetes.io/role/elb": "1"
            },
            "timeouts": null,
            "vpc_id": "vpc-052c5d994ce4cb744"
          },
          "sensitive_attributes": [],
          "private": "eyJlMmJmYjczMC1lY2FhLTExZTYtOGY4OC0zNDM2M2JjN2M0YzAiOnsiY3JlYXRlIjo2MDAwMDAwMDAwMDAsImRlbGV0ZSI6MTIwMDAwMDAwMDAwMH0sInNjaGVtYV92ZXJzaW9uIjoiMSJ9",
          "dependencies": [
            "module.terraform-codes.aws_vpc.test-vpc"
          ]
        }
      ]
    },
    {
      "module": "module.terraform-codes",
      "mode": "managed",
      "type": "aws_vpc",
      "name": "test-vpc",
      "provider": "module.terraform-codes.provider[\"registry.terraform.io/hashicorp/aws\"]",
      "instances": [
        {
          "schema_version": 1,
          "attributes": {
            "arn": "arn:aws:ec2:ap-northeast-2:956675039632:vpc/vpc-052c5d994ce4cb744",
            "assign_generated_ipv6_cidr_block": false,
            "cidr_block": "172.31.0.0/16",
            "default_network_acl_id": "acl-0615ece5b10dc162a",
            "default_route_table_id": "rtb-0674aec75c83822c8",
            "default_security_group_id": "sg-0a88d06ee32e051bb",
            "dhcp_options_id": "dopt-0938f5c03436a3ca6",
            "enable_dns_hostnames": false,
            "enable_dns_support": true,
            "enable_network_address_usage_metrics": false,
            "id": "vpc-052c5d994ce4cb744",
            "instance_tenancy": "default",
            "ipv4_ipam_pool_id": null,
            "ipv4_netmask_length": null,
            "ipv6_association_id": "",
            "ipv6_cidr_block": "",
            "ipv6_cidr_block_network_border_group": "",
            "ipv6_ipam_pool_id": "",
            "ipv6_netmask_length": 0,
            "main_route_table_id": "rtb-0674aec75c83822c8",
            "owner_id": "956675039632",
            "tags": {
              "Name": "test-vpc"
            },
            "tags_all": {
              "Name": "test-vpc"
            }
          },
          "sensitive_attributes": [],
          "private": "eyJzY2hlbWFfdmVyc2lvbiI6IjEifQ=="
        }
      ]
    }
  ],
  "check_results": null
}
