{
  "version": 4,
  "terraform_version": "1.5.2",
  "serial": 218,
  "lineage": "e19f034c-caef-ef20-3ab4-33932fc455f5",
  "outputs": {},
  "resources": [
    {
      "module": "module.terraform-codes",
      "mode": "data",
      "type": "aws_availability_zones",
      "name": "available",
      "provider": "module.terraform-codes.provider[\"registry.terraform.io/hashicorp/aws\"]",
      "instances": [
        {
          "schema_version": 0,
          "attributes": {
            "all_availability_zones": null,
            "exclude_names": [
              "ap-northeast-2a",
              "ap-northeast-2c"
            ],
            "exclude_zone_ids": null,
            "filter": null,
            "group_names": [
              "ap-northeast-2"
            ],
            "id": "ap-northeast-2",
            "names": [
              "ap-northeast-2b",
              "ap-northeast-2d"
            ],
            "state": null,
            "timeouts": null,
            "zone_ids": [
              "apne2-az2",
              "apne2-az4"
            ]
          },
          "sensitive_attributes": []
        }
      ]
    },
    {
      "module": "module.terraform-codes",
      "mode": "managed",
      "type": "aws_eks_cluster",
      "name": "test-eks-cluster",
      "provider": "module.terraform-codes.provider[\"registry.terraform.io/hashicorp/aws\"]",
      "instances": [
        {
          "schema_version": 0,
          "attributes": {
            "arn": "arn:aws:eks:ap-northeast-2:956675039632:cluster/test-eks-cluster",
            "certificate_authority": [
              {
                "data": "LS0tLS1CRUdJTiBDRVJUSUZJQ0FURS0tLS0tCk1JSURCVENDQWUyZ0F3SUJBZ0lJVm93c0xLSFM0TnN3RFFZSktvWklodmNOQVFFTEJRQXdGVEVUTUJFR0ExVUUKQXhNS2EzVmlaWEp1WlhSbGN6QWVGdzB5TXpBNE1UQXhOREEzTlRoYUZ3MHpNekE0TURjeE5EQTNOVGhhTUJVeApFekFSQmdOVkJBTVRDbXQxWW1WeWJtVjBaWE13Z2dFaU1BMEdDU3FHU0liM0RRRUJBUVVBQTRJQkR3QXdnZ0VLCkFvSUJBUUNhYlFyVjZrQTQwWERHNzZBMlFwWkovNnhwY1RUcURvbE1KemFvcUJqY3l4c0tTMmpteXNWdUFQN04KYnFxLzR4UEhWaFJlRVJiOG9aQTJqTlA5LzNoOWorVjlVNi8vV2w4cWVXNFJxVy9maDlWdm5NQ3BUUnM3NmtSSwowWkx6SU9Zd1dvakRLclRuMHNUcHN6SVBiV1FiL3FjV2lIWEFUSGszdG8vVzI0N1BZQ1hTL205RWdwWUVmMmxaCnkyc1ZTb3J1VDFFUXhmSVlJS3pXU0R3U3BldklWNEROZXJJbFZwZ3V5WWhhdm15NlN6UkNLbERaVFpCMGZnSzcKcGpKbThSbWEwME5OckdLcExFcmU1c0RScnBRTWhHTzBOWjlFY01xditOK3g4SWNITDVOWlNsSEhGdkl6dzBYcgpHZ0RXRnhjVWxzaW1EVUY4VHNvUWNPYWs0Mi9GQWdNQkFBR2pXVEJYTUE0R0ExVWREd0VCL3dRRUF3SUNwREFQCkJnTlZIUk1CQWY4RUJUQURBUUgvTUIwR0ExVWREZ1FXQkJUY3lwbVN5cmV2b3pkeWl6NS9jbjVvSTc5ME9qQVYKQmdOVkhSRUVEakFNZ2dwcmRXSmxjbTVsZEdWek1BMEdDU3FHU0liM0RRRUJDd1VBQTRJQkFRQmxCZnhhQkFSRgpodndjblJVM0xlQ2JydjBTVndkVDRETzhhbm1keEdmY2Q0a2dwZktFVDFBeE50eUVOblpFcUswT0VyWHF3SWZLCmlUQ1E0b3ZWR3ZYc2E0V0EyWG1oVENxeW1sanRKc3g0VlUxZFlxWmNZajVvYW8vVlJjWmRVcjFGVmpFMTA1V24KblR1aThzNmlZbkw1N0Y2ZkEwSjRmRTdWamtEcTZ2d3RsOGMxek5tT2g2NzZWM1M4dWZTUTdjZTgvamhObUVuRgpsblZldTFPaGN4eWtZRWJmUU1nL1NFd1Zkdmx1YnJMbmlsUWZkUlZsOW5WeThtNU51eVF6WkRxbEhVczBkM1JDCnRQQmhUVFlFaHRFMG5YU3A4MzlZV3RDUVpGNTFWS2RoSlVwWUJDdHpVQUhZQzUwZE5Pa3kxd01YRWpJTzVKLy8KUU02cVdzS2VyY0hFCi0tLS0tRU5EIENFUlRJRklDQVRFLS0tLS0K"
              }
            ],
            "cluster_id": null,
            "created_at": "2023-08-10 14:03:10.181 +0000 UTC",
            "enabled_cluster_log_types": [
              "api",
              "audit",
              "authenticator",
              "controllerManager",
              "scheduler"
            ],
            "encryption_config": [],
            "endpoint": "https://3604D48E04C1D26560A0A20EFF450CC5.gr7.ap-northeast-2.eks.amazonaws.com",
            "id": "test-eks-cluster",
            "identity": [
              {
                "oidc": [
                  {
                    "issuer": "https://oidc.eks.ap-northeast-2.amazonaws.com/id/3604D48E04C1D26560A0A20EFF450CC5"
                  }
                ]
              }
            ],
            "kubernetes_network_config": [
              {
                "ip_family": "ipv4",
                "service_ipv4_cidr": "10.100.0.0/16",
                "service_ipv6_cidr": ""
              }
            ],
            "name": "test-eks-cluster",
            "outpost_config": [],
            "platform_version": "eks.4",
            "role_arn": "arn:aws:iam::956675039632:role/test-iam-role-eks-cluster",
            "status": "ACTIVE",
            "tags": null,
            "tags_all": {},
            "timeouts": null,
            "version": "1.27",
            "vpc_config": [
              {
                "cluster_security_group_id": "sg-03d6f96b120da54c0",
                "endpoint_private_access": false,
                "endpoint_public_access": true,
                "public_access_cidrs": [
                  "0.0.0.0/0"
                ],
                "security_group_ids": [
                  "sg-0e744db39825c0a0e"
                ],
                "subnet_ids": [
                  "subnet-018991293bf362c6f",
                  "subnet-04c828bf16cd17db1"
                ],
                "vpc_id": "vpc-052c5d994ce4cb744"
              }
            ]
          },
          "sensitive_attributes": [],
          "private": "eyJlMmJmYjczMC1lY2FhLTExZTYtOGY4OC0zNDM2M2JjN2M0YzAiOnsiY3JlYXRlIjoxODAwMDAwMDAwMDAwLCJkZWxldGUiOjkwMDAwMDAwMDAwMCwidXBkYXRlIjozNjAwMDAwMDAwMDAwfX0=",
          "dependencies": [
            "module.terraform-codes.aws_iam_role.test-iam-role-eks-cluster",
            "module.terraform-codes.aws_iam_role_policy_attachment.test-iam-policy-eks-cluster",
            "module.terraform-codes.aws_iam_role_policy_attachment.test-iam-policy-eks-cluster-vpc",
            "module.terraform-codes.aws_security_group.test-sg-eks-cluster",
            "module.terraform-codes.aws_subnet.test-public-subnet1",
            "module.terraform-codes.aws_subnet.test-public-subnet3",
            "module.terraform-codes.aws_vpc.test-vpc"
          ]
        }
      ]
    },
    {
      "module": "module.terraform-codes",
      "mode": "managed",
      "type": "aws_eks_node_group",
      "name": "test-eks-nodegroup",
      "provider": "module.terraform-codes.provider[\"registry.terraform.io/hashicorp/aws\"]",
      "instances": [
        {
          "schema_version": 0,
          "attributes": {
            "ami_type": "AL2_x86_64",
            "arn": "arn:aws:eks:ap-northeast-2:956675039632:nodegroup/test-eks-cluster/test-eks-nodegroup/b6c4efe4-4453-1dca-4456-2f3ad44e1903",
            "capacity_type": "ON_DEMAND",
            "cluster_name": "test-eks-cluster",
            "disk_size": 20,
            "force_update_version": null,
            "id": "test-eks-cluster:test-eks-nodegroup",
            "instance_types": [
              "t3a.medium"
            ],
            "labels": {
              "role": "eks-nodegroup"
            },
            "launch_template": [],
            "node_group_name": "test-eks-nodegroup",
            "node_group_name_prefix": "",
            "node_role_arn": "arn:aws:iam::956675039632:role/test-iam-role-eks-nodegroup",
            "release_version": "1.27.3-20230728",
            "remote_access": [],
            "resources": [
              {
                "autoscaling_groups": [
                  {
                    "name": "eks-test-eks-nodegroup-b6c4efe4-4453-1dca-4456-2f3ad44e1903"
                  }
                ],
                "remote_access_security_group_id": ""
              }
            ],
            "scaling_config": [
              {
                "desired_size": 2,
                "max_size": 3,
                "min_size": 1
              }
            ],
            "status": "ACTIVE",
            "subnet_ids": [
              "subnet-018991293bf362c6f",
              "subnet-04c828bf16cd17db1"
            ],
            "tags": {
              "Name": "test-eks-cluster-worker-node"
            },
            "tags_all": {
              "Name": "test-eks-cluster-worker-node"
            },
            "taint": [],
            "timeouts": null,
            "update_config": [
              {
                "max_unavailable": 1,
                "max_unavailable_percentage": 0
              }
            ],
            "version": "1.27"
          },
          "sensitive_attributes": [],
          "private": "eyJlMmJmYjczMC1lY2FhLTExZTYtOGY4OC0zNDM2M2JjN2M0YzAiOnsiY3JlYXRlIjozNjAwMDAwMDAwMDAwLCJkZWxldGUiOjM2MDAwMDAwMDAwMDAsInVwZGF0ZSI6MzYwMDAwMDAwMDAwMH19",
          "dependencies": [
            "module.terraform-codes.aws_eks_cluster.test-eks-cluster",
            "module.terraform-codes.aws_iam_role.test-iam-role-eks-cluster",
            "module.terraform-codes.aws_iam_role.test-iam-role-eks-nodegroup",
            "module.terraform-codes.aws_iam_role_policy_attachment.test-iam-policy-eks-cluster",
            "module.terraform-codes.aws_iam_role_policy_attachment.test-iam-policy-eks-cluster-vpc",
            "module.terraform-codes.aws_iam_role_policy_attachment.test-iam-policy-eks-nodegroup",
            "module.terraform-codes.aws_iam_role_policy_attachment.test-iam-policy-eks-nodegroup-cni",
            "module.terraform-codes.aws_iam_role_policy_attachment.test-iam-policy-eks-nodegroup-ecr",
            "module.terraform-codes.aws_security_group.test-sg-eks-cluster",
            "module.terraform-codes.aws_subnet.test-public-subnet1",
            "module.terraform-codes.aws_subnet.test-public-subnet3",
            "module.terraform-codes.aws_vpc.test-vpc"
          ]
        }
      ]
    },
    {
      "module": "module.terraform-codes",
      "mode": "managed",
      "type": "aws_iam_role",
      "name": "test-iam-role-eks-cluster",
      "provider": "module.terraform-codes.provider[\"registry.terraform.io/hashicorp/aws\"]",
      "instances": [
        {
          "schema_version": 0,
          "attributes": {
            "arn": "arn:aws:iam::956675039632:role/test-iam-role-eks-cluster",
            "assume_role_policy": "{\"Statement\":[{\"Action\":\"sts:AssumeRole\",\"Effect\":\"Allow\",\"Principal\":{\"Service\":\"eks.amazonaws.com\"}}],\"Version\":\"2012-10-17\"}",
            "create_date": "2023-08-10T14:02:58Z",
            "description": "",
            "force_detach_policies": false,
            "id": "test-iam-role-eks-cluster",
            "inline_policy": [],
            "managed_policy_arns": [],
            "max_session_duration": 3600,
            "name": "test-iam-role-eks-cluster",
            "name_prefix": "",
            "path": "/",
            "permissions_boundary": null,
            "tags": null,
            "tags_all": {},
            "unique_id": "AROA55PSGUGIJVYE6QUTT"
          },
          "sensitive_attributes": [],
          "private": "bnVsbA=="
        }
      ]
    },
    {
      "module": "module.terraform-codes",
      "mode": "managed",
      "type": "aws_iam_role",
      "name": "test-iam-role-eks-nodegroup",
      "provider": "module.terraform-codes.provider[\"registry.terraform.io/hashicorp/aws\"]",
      "instances": [
        {
          "schema_version": 0,
          "attributes": {
            "arn": "arn:aws:iam::956675039632:role/test-iam-role-eks-nodegroup",
            "assume_role_policy": "{\"Statement\":[{\"Action\":\"sts:AssumeRole\",\"Effect\":\"Allow\",\"Principal\":{\"Service\":\"ec2.amazonaws.com\"}}],\"Version\":\"2012-10-17\"}",
            "create_date": "2023-08-10T14:02:58Z",
            "description": "",
            "force_detach_policies": false,
            "id": "test-iam-role-eks-nodegroup",
            "inline_policy": [],
            "managed_policy_arns": [],
            "max_session_duration": 3600,
            "name": "test-iam-role-eks-nodegroup",
            "name_prefix": "",
            "path": "/",
            "permissions_boundary": null,
            "tags": null,
            "tags_all": {},
            "unique_id": "AROA55PSGUGIEVYI43UFN"
          },
          "sensitive_attributes": [],
          "private": "bnVsbA=="
        }
      ]
    },
    {
      "module": "module.terraform-codes",
      "mode": "managed",
      "type": "aws_iam_role_policy_attachment",
      "name": "test-iam-policy-eks-cluster",
      "provider": "module.terraform-codes.provider[\"registry.terraform.io/hashicorp/aws\"]",
      "instances": [
        {
          "schema_version": 0,
          "attributes": {
            "id": "test-iam-role-eks-cluster-20230810140259349800000002",
            "policy_arn": "arn:aws:iam::aws:policy/AmazonEKSClusterPolicy",
            "role": "test-iam-role-eks-cluster"
          },
          "sensitive_attributes": [],
          "private": "bnVsbA==",
          "dependencies": [
            "module.terraform-codes.aws_iam_role.test-iam-role-eks-cluster"
          ]
        }
      ]
    },
    {
      "module": "module.terraform-codes",
      "mode": "managed",
      "type": "aws_iam_role_policy_attachment",
      "name": "test-iam-policy-eks-cluster-vpc",
      "provider": "module.terraform-codes.provider[\"registry.terraform.io/hashicorp/aws\"]",
      "instances": [
        {
          "schema_version": 0,
          "attributes": {
            "id": "test-iam-role-eks-cluster-20230810140259641300000003",
            "policy_arn": "arn:aws:iam::aws:policy/AmazonEKSVPCResourceController",
            "role": "test-iam-role-eks-cluster"
          },
          "sensitive_attributes": [],
          "private": "bnVsbA==",
          "dependencies": [
            "module.terraform-codes.aws_iam_role.test-iam-role-eks-cluster"
          ]
        }
      ]
    },
    {
      "module": "module.terraform-codes",
      "mode": "managed",
      "type": "aws_iam_role_policy_attachment",
      "name": "test-iam-policy-eks-nodegroup",
      "provider": "module.terraform-codes.provider[\"registry.terraform.io/hashicorp/aws\"]",
      "instances": [
        {
          "schema_version": 0,
          "attributes": {
            "id": "test-iam-role-eks-nodegroup-20230810140259968500000005",
            "policy_arn": "arn:aws:iam::aws:policy/AmazonEKSWorkerNodePolicy",
            "role": "test-iam-role-eks-nodegroup"
          },
          "sensitive_attributes": [],
          "private": "bnVsbA==",
          "dependencies": [
            "module.terraform-codes.aws_iam_role.test-iam-role-eks-nodegroup"
          ]
        }
      ]
    },
    {
      "module": "module.terraform-codes",
      "mode": "managed",
      "type": "aws_iam_role_policy_attachment",
      "name": "test-iam-policy-eks-nodegroup-cni",
      "provider": "module.terraform-codes.provider[\"registry.terraform.io/hashicorp/aws\"]",
      "instances": [
        {
          "schema_version": 0,
          "attributes": {
            "id": "test-iam-role-eks-nodegroup-20230810140259349700000001",
            "policy_arn": "arn:aws:iam::aws:policy/AmazonEKS_CNI_Policy",
            "role": "test-iam-role-eks-nodegroup"
          },
          "sensitive_attributes": [],
          "private": "bnVsbA==",
          "dependencies": [
            "module.terraform-codes.aws_iam_role.test-iam-role-eks-nodegroup"
          ]
        }
      ]
    },
    {
      "module": "module.terraform-codes",
      "mode": "managed",
      "type": "aws_iam_role_policy_attachment",
      "name": "test-iam-policy-eks-nodegroup-ecr",
      "provider": "module.terraform-codes.provider[\"registry.terraform.io/hashicorp/aws\"]",
      "instances": [
        {
          "schema_version": 0,
          "attributes": {
            "id": "test-iam-role-eks-nodegroup-20230810140259653500000004",
            "policy_arn": "arn:aws:iam::aws:policy/AmazonEC2ContainerRegistryReadOnly",
            "role": "test-iam-role-eks-nodegroup"
          },
          "sensitive_attributes": [],
          "private": "bnVsbA==",
          "dependencies": [
            "module.terraform-codes.aws_iam_role.test-iam-role-eks-nodegroup"
          ]
        }
      ]
    },
    {
      "module": "module.terraform-codes",
      "mode": "managed",
      "type": "aws_internet_gateway",
      "name": "test-internet-gateway",
      "provider": "module.terraform-codes.provider[\"registry.terraform.io/hashicorp/aws\"]",
      "instances": [
        {
          "schema_version": 0,
          "attributes": {
            "arn": "arn:aws:ec2:ap-northeast-2:956675039632:internet-gateway/igw-02502d86b0a385723",
            "id": "igw-02502d86b0a385723",
            "owner_id": "956675039632",
            "tags": null,
            "tags_all": {},
            "timeouts": null,
            "vpc_id": "vpc-052c5d994ce4cb744"
          },
          "sensitive_attributes": [],
          "private": "eyJlMmJmYjczMC1lY2FhLTExZTYtOGY4OC0zNDM2M2JjN2M0YzAiOnsiY3JlYXRlIjoxMjAwMDAwMDAwMDAwLCJkZWxldGUiOjEyMDAwMDAwMDAwMDAsInVwZGF0ZSI6MTIwMDAwMDAwMDAwMH19",
          "dependencies": [
            "module.terraform-codes.aws_vpc.test-vpc"
          ]
        }
      ]
    },
    {
      "module": "module.terraform-codes",
      "mode": "managed",
      "type": "aws_route_table",
      "name": "test-route-table-pub-sub1",
      "provider": "module.terraform-codes.provider[\"registry.terraform.io/hashicorp/aws\"]",
      "instances": [
        {
          "schema_version": 0,
          "attributes": {
            "arn": "arn:aws:ec2:ap-northeast-2:956675039632:route-table/rtb-01b2ce64467210721",
            "id": "rtb-01b2ce64467210721",
            "owner_id": "956675039632",
            "propagating_vgws": [],
            "route": [
              {
                "carrier_gateway_id": "",
                "cidr_block": "0.0.0.0/0",
                "core_network_arn": "",
                "destination_prefix_list_id": "",
                "egress_only_gateway_id": "",
                "gateway_id": "igw-02502d86b0a385723",
                "ipv6_cidr_block": "",
                "local_gateway_id": "",
                "nat_gateway_id": "",
                "network_interface_id": "",
                "transit_gateway_id": "",
                "vpc_endpoint_id": "",
                "vpc_peering_connection_id": ""
              }
            ],
            "tags": {
              "Name": "test-route-table-pub-sub1"
            },
            "tags_all": {
              "Name": "test-route-table-pub-sub1"
            },
            "timeouts": null,
            "vpc_id": "vpc-052c5d994ce4cb744"
          },
          "sensitive_attributes": [],
          "private": "eyJlMmJmYjczMC1lY2FhLTExZTYtOGY4OC0zNDM2M2JjN2M0YzAiOnsiY3JlYXRlIjozMDAwMDAwMDAwMDAsImRlbGV0ZSI6MzAwMDAwMDAwMDAwLCJ1cGRhdGUiOjEyMDAwMDAwMDAwMH19",
          "dependencies": [
            "module.terraform-codes.aws_internet_gateway.test-internet-gateway",
            "module.terraform-codes.aws_vpc.test-vpc"
          ]
        }
      ]
    },
    {
      "module": "module.terraform-codes",
      "mode": "managed",
      "type": "aws_route_table",
      "name": "test-route-table-pub-sub3",
      "provider": "module.terraform-codes.provider[\"registry.terraform.io/hashicorp/aws\"]",
      "instances": [
        {
          "schema_version": 0,
          "attributes": {
            "arn": "arn:aws:ec2:ap-northeast-2:956675039632:route-table/rtb-0ebbc7bb788fa0d8e",
            "id": "rtb-0ebbc7bb788fa0d8e",
            "owner_id": "956675039632",
            "propagating_vgws": [],
            "route": [
              {
                "carrier_gateway_id": "",
                "cidr_block": "0.0.0.0/0",
                "core_network_arn": "",
                "destination_prefix_list_id": "",
                "egress_only_gateway_id": "",
                "gateway_id": "igw-02502d86b0a385723",
                "ipv6_cidr_block": "",
                "local_gateway_id": "",
                "nat_gateway_id": "",
                "network_interface_id": "",
                "transit_gateway_id": "",
                "vpc_endpoint_id": "",
                "vpc_peering_connection_id": ""
              }
            ],
            "tags": {
              "Name": "test-route-table-pub-sub3"
            },
            "tags_all": {
              "Name": "test-route-table-pub-sub3"
            },
            "timeouts": null,
            "vpc_id": "vpc-052c5d994ce4cb744"
          },
          "sensitive_attributes": [],
          "private": "eyJlMmJmYjczMC1lY2FhLTExZTYtOGY4OC0zNDM2M2JjN2M0YzAiOnsiY3JlYXRlIjozMDAwMDAwMDAwMDAsImRlbGV0ZSI6MzAwMDAwMDAwMDAwLCJ1cGRhdGUiOjEyMDAwMDAwMDAwMH19",
          "dependencies": [
            "module.terraform-codes.aws_internet_gateway.test-internet-gateway",
            "module.terraform-codes.aws_vpc.test-vpc"
          ]
        }
      ]
    },
    {
      "module": "module.terraform-codes",
      "mode": "managed",
      "type": "aws_route_table_association",
      "name": "test-route-association-pub-sub1",
      "provider": "module.terraform-codes.provider[\"registry.terraform.io/hashicorp/aws\"]",
      "instances": [
        {
          "schema_version": 0,
          "attributes": {
            "gateway_id": "",
            "id": "rtbassoc-0276546df738db727",
            "route_table_id": "rtb-01b2ce64467210721",
            "subnet_id": "subnet-04c828bf16cd17db1",
            "timeouts": null
          },
          "sensitive_attributes": [],
          "private": "eyJlMmJmYjczMC1lY2FhLTExZTYtOGY4OC0zNDM2M2JjN2M0YzAiOnsiY3JlYXRlIjozMDAwMDAwMDAwMDAsImRlbGV0ZSI6MzAwMDAwMDAwMDAwLCJ1cGRhdGUiOjEyMDAwMDAwMDAwMH19",
          "dependencies": [
            "module.terraform-codes.aws_internet_gateway.test-internet-gateway",
            "module.terraform-codes.aws_route_table.test-route-table-pub-sub1",
            "module.terraform-codes.aws_subnet.test-public-subnet1",
            "module.terraform-codes.aws_vpc.test-vpc"
          ]
        }
      ]
    },
    {
      "module": "module.terraform-codes",
      "mode": "managed",
      "type": "aws_route_table_association",
      "name": "test-route-association-pub-sub3",
      "provider": "module.terraform-codes.provider[\"registry.terraform.io/hashicorp/aws\"]",
      "instances": [
        {
          "schema_version": 0,
          "attributes": {
            "gateway_id": "",
            "id": "rtbassoc-0e7d0d7ce3bdeb5f0",
            "route_table_id": "rtb-0ebbc7bb788fa0d8e",
            "subnet_id": "subnet-018991293bf362c6f",
            "timeouts": null
          },
          "sensitive_attributes": [],
          "private": "eyJlMmJmYjczMC1lY2FhLTExZTYtOGY4OC0zNDM2M2JjN2M0YzAiOnsiY3JlYXRlIjozMDAwMDAwMDAwMDAsImRlbGV0ZSI6MzAwMDAwMDAwMDAwLCJ1cGRhdGUiOjEyMDAwMDAwMDAwMH19",
          "dependencies": [
            "module.terraform-codes.aws_internet_gateway.test-internet-gateway",
            "module.terraform-codes.aws_route_table.test-route-table-pub-sub3",
            "module.terraform-codes.aws_subnet.test-public-subnet3",
            "module.terraform-codes.aws_vpc.test-vpc"
          ]
        }
      ]
    },
    {
      "module": "module.terraform-codes",
      "mode": "managed",
      "type": "aws_security_group",
      "name": "test-sg-eks-cluster",
      "provider": "module.terraform-codes.provider[\"registry.terraform.io/hashicorp/aws\"]",
      "instances": [
        {
          "schema_version": 1,
          "attributes": {
            "arn": "arn:aws:ec2:ap-northeast-2:956675039632:security-group/sg-0e744db39825c0a0e",
            "description": "security_group for test-eks-cluster",
            "egress": [],
            "id": "sg-0e744db39825c0a0e",
            "ingress": [],
            "name": "test-sg-eks-cluster",
            "name_prefix": "",
            "owner_id": "956675039632",
            "revoke_rules_on_delete": false,
            "tags": {
              "Name": "test-sg-eks-cluster"
            },
            "tags_all": {
              "Name": "test-sg-eks-cluster"
            },
            "timeouts": null,
            "vpc_id": "vpc-052c5d994ce4cb744"
          },
          "sensitive_attributes": [],
          "private": "eyJlMmJmYjczMC1lY2FhLTExZTYtOGY4OC0zNDM2M2JjN2M0YzAiOnsiY3JlYXRlIjo2MDAwMDAwMDAwMDAsImRlbGV0ZSI6OTAwMDAwMDAwMDAwfSwic2NoZW1hX3ZlcnNpb24iOiIxIn0=",
          "dependencies": [
            "module.terraform-codes.aws_vpc.test-vpc"
          ]
        }
      ]
    },
    {
      "module": "module.terraform-codes",
      "mode": "managed",
      "type": "aws_security_group_rule",
      "name": "test-sg-eks-cluster-egress",
      "provider": "module.terraform-codes.provider[\"registry.terraform.io/hashicorp/aws\"]",
      "instances": [
        {
          "schema_version": 2,
          "attributes": {
            "cidr_blocks": [
              "0.0.0.0/0"
            ],
            "description": "egress security_group_rule for test-eks-cluster",
            "from_port": 0,
            "id": "sgrule-2944694141",
            "ipv6_cidr_blocks": null,
            "prefix_list_ids": null,
            "protocol": "-1",
            "security_group_id": "sg-0e744db39825c0a0e",
            "security_group_rule_id": "sgr-0fa3b293ec3d33c2b",
            "self": false,
            "source_security_group_id": null,
            "timeouts": null,
            "to_port": 0,
            "type": "egress"
          },
          "sensitive_attributes": [],
          "private": "eyJlMmJmYjczMC1lY2FhLTExZTYtOGY4OC0zNDM2M2JjN2M0YzAiOnsiY3JlYXRlIjozMDAwMDAwMDAwMDB9LCJzY2hlbWFfdmVyc2lvbiI6IjIifQ==",
          "dependencies": [
            "module.terraform-codes.aws_security_group.test-sg-eks-cluster",
            "module.terraform-codes.aws_vpc.test-vpc"
          ]
        }
      ]
    },
    {
      "module": "module.terraform-codes",
      "mode": "managed",
      "type": "aws_security_group_rule",
      "name": "test-sg-eks-cluster-ingress",
      "provider": "module.terraform-codes.provider[\"registry.terraform.io/hashicorp/aws\"]",
      "instances": [
        {
          "schema_version": 2,
          "attributes": {
            "cidr_blocks": [
              "0.0.0.0/0"
            ],
            "description": "ingress security_group_rule for test-eks-cluster",
            "from_port": 0,
            "id": "sgrule-2887363234",
            "ipv6_cidr_blocks": null,
            "prefix_list_ids": null,
            "protocol": "-1",
            "security_group_id": "sg-0e744db39825c0a0e",
            "security_group_rule_id": "sgr-05730465b1d66bd07",
            "self": false,
            "source_security_group_id": null,
            "timeouts": null,
            "to_port": 0,
            "type": "ingress"
          },
          "sensitive_attributes": [],
          "private": "eyJlMmJmYjczMC1lY2FhLTExZTYtOGY4OC0zNDM2M2JjN2M0YzAiOnsiY3JlYXRlIjozMDAwMDAwMDAwMDB9LCJzY2hlbWFfdmVyc2lvbiI6IjIifQ==",
          "dependencies": [
            "module.terraform-codes.aws_security_group.test-sg-eks-cluster",
            "module.terraform-codes.aws_vpc.test-vpc"
          ]
        }
      ]
    },
    {
      "module": "module.terraform-codes",
      "mode": "managed",
      "type": "aws_subnet",
      "name": "test-public-subnet1",
      "provider": "module.terraform-codes.provider[\"registry.terraform.io/hashicorp/aws\"]",
      "instances": [
        {
          "schema_version": 1,
          "attributes": {
            "arn": "arn:aws:ec2:ap-northeast-2:956675039632:subnet/subnet-04c828bf16cd17db1",
            "assign_ipv6_address_on_creation": false,
            "availability_zone": "ap-northeast-2a",
            "availability_zone_id": "apne2-az1",
            "cidr_block": "172.31.0.0/20",
            "customer_owned_ipv4_pool": "",
            "enable_dns64": false,
            "enable_lni_at_device_index": 0,
            "enable_resource_name_dns_a_record_on_launch": false,
            "enable_resource_name_dns_aaaa_record_on_launch": false,
            "id": "subnet-04c828bf16cd17db1",
            "ipv6_cidr_block": "",
            "ipv6_cidr_block_association_id": "",
            "ipv6_native": false,
            "map_customer_owned_ip_on_launch": false,
            "map_public_ip_on_launch": true,
            "outpost_arn": "",
            "owner_id": "956675039632",
            "private_dns_hostname_type_on_launch": "ip-name",
            "tags": {
              "Name": "test-public-subnet1",
              "kubernetes.io/cluster/test-eks-cluster": "shared",
              "kubernetes.io/role/elb": "1"
            },
            "tags_all": {
              "Name": "test-public-subnet1",
              "kubernetes.io/cluster/test-eks-cluster": "shared",
              "kubernetes.io/role/elb": "1"
            },
            "timeouts": null,
            "vpc_id": "vpc-052c5d994ce4cb744"
          },
          "sensitive_attributes": [],
          "private": "eyJlMmJmYjczMC1lY2FhLTExZTYtOGY4OC0zNDM2M2JjN2M0YzAiOnsiY3JlYXRlIjo2MDAwMDAwMDAwMDAsImRlbGV0ZSI6MTIwMDAwMDAwMDAwMH0sInNjaGVtYV92ZXJzaW9uIjoiMSJ9",
          "dependencies": [
            "module.terraform-codes.aws_vpc.test-vpc"
          ]
        }
      ]
    },
    {
      "module": "module.terraform-codes",
      "mode": "managed",
      "type": "aws_subnet",
      "name": "test-public-subnet3",
      "provider": "module.terraform-codes.provider[\"registry.terraform.io/hashicorp/aws\"]",
      "instances": [
        {
          "schema_version": 1,
          "attributes": {
            "arn": "arn:aws:ec2:ap-northeast-2:956675039632:subnet/subnet-018991293bf362c6f",
            "assign_ipv6_address_on_creation": false,
            "availability_zone": "ap-northeast-2c",
            "availability_zone_id": "apne2-az3",
            "cidr_block": "172.31.16.0/20",
            "customer_owned_ipv4_pool": "",
            "enable_dns64": false,
            "enable_lni_at_device_index": 0,
            "enable_resource_name_dns_a_record_on_launch": false,
            "enable_resource_name_dns_aaaa_record_on_launch": false,
            "id": "subnet-018991293bf362c6f",
            "ipv6_cidr_block": "",
            "ipv6_cidr_block_association_id": "",
            "ipv6_native": false,
            "map_customer_owned_ip_on_launch": false,
            "map_public_ip_on_launch": true,
            "outpost_arn": "",
            "owner_id": "956675039632",
            "private_dns_hostname_type_on_launch": "ip-name",
            "tags": {
              "Name": "test-public-subnet3",
              "kubernetes.io/cluster/test-eks-cluster": "shared",
              "kubernetes.io/role/elb": "1"
            },
            "tags_all": {
              "Name": "test-public-subnet3",
              "kubernetes.io/cluster/test-eks-cluster": "shared",
              "kubernetes.io/role/elb": "1"
            },
            "timeouts": null,
            "vpc_id": "vpc-052c5d994ce4cb744"
          },
          "sensitive_attributes": [],
          "private": "eyJlMmJmYjczMC1lY2FhLTExZTYtOGY4OC0zNDM2M2JjN2M0YzAiOnsiY3JlYXRlIjo2MDAwMDAwMDAwMDAsImRlbGV0ZSI6MTIwMDAwMDAwMDAwMH0sInNjaGVtYV92ZXJzaW9uIjoiMSJ9",
          "dependencies": [
            "module.terraform-codes.aws_vpc.test-vpc"
          ]
        }
      ]
    },
    {
      "module": "module.terraform-codes",
      "mode": "managed",
      "type": "aws_vpc",
      "name": "test-vpc",
      "provider": "module.terraform-codes.provider[\"registry.terraform.io/hashicorp/aws\"]",
      "instances": [
        {
          "schema_version": 1,
          "attributes": {
            "arn": "arn:aws:ec2:ap-northeast-2:956675039632:vpc/vpc-052c5d994ce4cb744",
            "assign_generated_ipv6_cidr_block": false,
            "cidr_block": "172.31.0.0/16",
            "default_network_acl_id": "acl-0615ece5b10dc162a",
            "default_route_table_id": "rtb-0674aec75c83822c8",
            "default_security_group_id": "sg-0a88d06ee32e051bb",
            "dhcp_options_id": "dopt-0938f5c03436a3ca6",
            "enable_dns_hostnames": false,
            "enable_dns_support": true,
            "enable_network_address_usage_metrics": false,
            "id": "vpc-052c5d994ce4cb744",
            "instance_tenancy": "default",
            "ipv4_ipam_pool_id": null,
            "ipv4_netmask_length": null,
            "ipv6_association_id": "",
            "ipv6_cidr_block": "",
            "ipv6_cidr_block_network_border_group": "",
            "ipv6_ipam_pool_id": "",
            "ipv6_netmask_length": 0,
            "main_route_table_id": "rtb-0674aec75c83822c8",
            "owner_id": "956675039632",
            "tags": {
              "Name": "test-vpc"
            },
            "tags_all": {
              "Name": "test-vpc"
            }
          },
          "sensitive_attributes": [],
          "private": "eyJzY2hlbWFfdmVyc2lvbiI6IjEifQ=="
        }
      ]
    }
  ],
  "check_results": null
}
