{
  "version": 4,
  "terraform_version": "1.5.2",
  "serial": 156,
  "lineage": "e19f034c-caef-ef20-3ab4-33932fc455f5",
  "outputs": {},
  "resources": [
    {
      "module": "module.terraform-codes",
      "mode": "data",
      "type": "aws_availability_zones",
      "name": "available",
      "provider": "module.terraform-codes.provider[\"registry.terraform.io/hashicorp/aws\"]",
      "instances": [
        {
          "schema_version": 0,
          "attributes": {
            "all_availability_zones": null,
            "exclude_names": [
              "ap-northeast-2a",
              "ap-northeast-2c"
            ],
            "exclude_zone_ids": null,
            "filter": null,
            "group_names": [
              "ap-northeast-2"
            ],
            "id": "ap-northeast-2",
            "names": [
              "ap-northeast-2b",
              "ap-northeast-2d"
            ],
            "state": null,
            "timeouts": null,
            "zone_ids": [
              "apne2-az2",
              "apne2-az4"
            ]
          },
          "sensitive_attributes": []
        }
      ]
    },
    {
      "module": "module.terraform-codes",
      "mode": "managed",
      "type": "aws_eks_cluster",
      "name": "test-eks-cluster",
      "provider": "module.terraform-codes.provider[\"registry.terraform.io/hashicorp/aws\"]",
      "instances": [
        {
          "schema_version": 0,
          "attributes": {
            "arn": "arn:aws:eks:ap-northeast-2:956675039632:cluster/test-eks-cluster",
            "certificate_authority": [
              {
                "data": "LS0tLS1CRUdJTiBDRVJUSUZJQ0FURS0tLS0tCk1JSURCVENDQWUyZ0F3SUJBZ0lJR0VFKzgyTWErWFV3RFFZSktvWklodmNOQVFFTEJRQXdGVEVUTUJFR0ExVUUKQXhNS2EzVmlaWEp1WlhSbGN6QWVGdzB5TXpBNE1EY3hNak14TkRkYUZ3MHpNekE0TURReE1qTXhORGRhTUJVeApFekFSQmdOVkJBTVRDbXQxWW1WeWJtVjBaWE13Z2dFaU1BMEdDU3FHU0liM0RRRUJBUVVBQTRJQkR3QXdnZ0VLCkFvSUJBUURLNGlEZ2RPY01UcVIyYUNodjlIa2ZGMzJMb2VwSTRBM1FMc2ozTGJDWGpwVVowTkpLNis2L1NObmcKZWdYcktNMGkrL0xMUHJjd3QyNlpvTVJSc3liM1lLRFYveVN5RXNEc3RGUUUrYVAraXlCYjlyZVlYK0lNODROMApJTDJheUNuY2RlNkVtWnhGWEhJQnFqd2c1cGJYZGdIRjVZcHRqbHBJbVlzRFJTeTcwblRFdmZJVjRIYjlKQU5sClNmblRwNnRHQmlUdEN4SzRzSys4YUh3UkhvRFRMZGtuT2w3MjZGUmcwZVEvaHB2WGZ6VG12Y2Q1cmNMdkMzTXAKK21BTnZMRXYzQXJOTWRBc1k2cnBqYVlUYjM4Z2ltMzNRekx4YUtXQVdvREoyQnNwUjNSYzhxVE13ald1dTlBdwpYWXV5bU9BSlZVRTBaQ1UyOEpGSjRCQ01OVkUvQWdNQkFBR2pXVEJYTUE0R0ExVWREd0VCL3dRRUF3SUNwREFQCkJnTlZIUk1CQWY4RUJUQURBUUgvTUIwR0ExVWREZ1FXQkJRVVY2L0ZTM3ZmZkFPeXNxQ1hiKzhQeWk1S056QVYKQmdOVkhSRUVEakFNZ2dwcmRXSmxjbTVsZEdWek1BMEdDU3FHU0liM0RRRUJDd1VBQTRJQkFRRENLU2xUc2VvbApqRDdPNFlqOTJPcjgvQUVlNFZmKys2eVJ4WmI0TzU1aGs3OGNLNUhXOGF0djFXSCtoYlppNHQ4d0ZBdGdMZFQ4CkhJM2dIRU1lMlA3WXRLMklNUlozN2lVaFpSZUZlUC9PUm1VYkJ2ZEZXN3ZBR0twbDA2dU15eURQRk5sUlR1UjgKYVY3RUk5c2VqYnpVdjl6WG1qZjFnR0FzdmNRVGJaNmFEYlRncnYzVmJYOUJBR28vTU9aeFpabXhiVFYzYzlacwpRUS9jRUF0dTdyc2ZOdTk5MFVIK1I5MldUSmFTTUh1RzdGSjF3S0IyekFnOGdUMmMyVlQ5K21wbjJhcUczTzhZCkx1c1oxa3J1d3BYYS93OXNYbXFLZUppd1BQWHlFd2trWnRNQTBVblJtZWw3d3lFVkdLdFhWb1lCSXhvUVNQL0UKTTdyZmN1RllkSkdBCi0tLS0tRU5EIENFUlRJRklDQVRFLS0tLS0K"
              }
            ],
            "cluster_id": null,
            "created_at": "2023-08-07 12:26:32.897 +0000 UTC",
            "enabled_cluster_log_types": [
              "api",
              "audit",
              "authenticator",
              "controllerManager",
              "scheduler"
            ],
            "encryption_config": [],
            "endpoint": "https://C8F967981E490FEEFD9AD810315E02D1.gr7.ap-northeast-2.eks.amazonaws.com",
            "id": "test-eks-cluster",
            "identity": [
              {
                "oidc": [
                  {
                    "issuer": "https://oidc.eks.ap-northeast-2.amazonaws.com/id/C8F967981E490FEEFD9AD810315E02D1"
                  }
                ]
              }
            ],
            "kubernetes_network_config": [
              {
                "ip_family": "ipv4",
                "service_ipv4_cidr": "10.100.0.0/16",
                "service_ipv6_cidr": ""
              }
            ],
            "name": "test-eks-cluster",
            "outpost_config": [],
            "platform_version": "eks.4",
            "role_arn": "arn:aws:iam::956675039632:role/test-iam-role-eks-cluster",
            "status": "ACTIVE",
            "tags": null,
            "tags_all": {},
            "timeouts": null,
            "version": "1.27",
            "vpc_config": [
              {
                "cluster_security_group_id": "sg-0ffad612a18293e24",
                "endpoint_private_access": false,
                "endpoint_public_access": true,
                "public_access_cidrs": [
                  "0.0.0.0/0"
                ],
                "security_group_ids": [
                  "sg-0d6022d59d5454a59"
                ],
                "subnet_ids": [
                  "subnet-05508bd18fad19aba",
                  "subnet-0577488fad57d0d0f"
                ],
                "vpc_id": "vpc-052c5d994ce4cb744"
              }
            ]
          },
          "sensitive_attributes": [],
          "private": "eyJlMmJmYjczMC1lY2FhLTExZTYtOGY4OC0zNDM2M2JjN2M0YzAiOnsiY3JlYXRlIjoxODAwMDAwMDAwMDAwLCJkZWxldGUiOjkwMDAwMDAwMDAwMCwidXBkYXRlIjozNjAwMDAwMDAwMDAwfX0=",
          "dependencies": [
            "module.terraform-codes.aws_iam_role.test-iam-role-eks-cluster",
            "module.terraform-codes.aws_iam_role_policy_attachment.test-iam-policy-eks-cluster",
            "module.terraform-codes.aws_iam_role_policy_attachment.test-iam-policy-eks-cluster-vpc",
            "module.terraform-codes.aws_security_group.test-sg-eks-cluster",
            "module.terraform-codes.aws_subnet.test-public-subnet1",
            "module.terraform-codes.aws_subnet.test-public-subnet3",
            "module.terraform-codes.aws_vpc.test-vpc"
          ]
        }
      ]
    },
    {
      "module": "module.terraform-codes",
      "mode": "managed",
      "type": "aws_eks_node_group",
      "name": "test-eks-nodegroup",
      "provider": "module.terraform-codes.provider[\"registry.terraform.io/hashicorp/aws\"]",
      "instances": [
        {
          "schema_version": 0,
          "attributes": {
            "ami_type": "AL2_x86_64",
            "arn": "arn:aws:eks:ap-northeast-2:956675039632:nodegroup/test-eks-cluster/test-eks-nodegroup/0ec4e7ff-0c2a-5799-3270-5d15b981b124",
            "capacity_type": "ON_DEMAND",
            "cluster_name": "test-eks-cluster",
            "disk_size": 20,
            "force_update_version": null,
            "id": "test-eks-cluster:test-eks-nodegroup",
            "instance_types": [
              "t3a.medium"
            ],
            "labels": {
              "role": "eks-nodegroup"
            },
            "launch_template": [],
            "node_group_name": "test-eks-nodegroup",
            "node_group_name_prefix": "",
            "node_role_arn": "arn:aws:iam::956675039632:role/test-iam-role-eks-nodegroup",
            "release_version": "1.27.3-20230728",
            "remote_access": [],
            "resources": [
              {
                "autoscaling_groups": [
                  {
                    "name": "eks-test-eks-nodegroup-0ec4e7ff-0c2a-5799-3270-5d15b981b124"
                  }
                ],
                "remote_access_security_group_id": ""
              }
            ],
            "scaling_config": [
              {
                "desired_size": 2,
                "max_size": 3,
                "min_size": 1
              }
            ],
            "status": "ACTIVE",
            "subnet_ids": [
              "subnet-05508bd18fad19aba",
              "subnet-0577488fad57d0d0f"
            ],
            "tags": {
              "Name": "test-eks-cluster-worker-node"
            },
            "tags_all": {
              "Name": "test-eks-cluster-worker-node"
            },
            "taint": [],
            "timeouts": null,
            "update_config": [
              {
                "max_unavailable": 1,
                "max_unavailable_percentage": 0
              }
            ],
            "version": "1.27"
          },
          "sensitive_attributes": [],
          "private": "eyJlMmJmYjczMC1lY2FhLTExZTYtOGY4OC0zNDM2M2JjN2M0YzAiOnsiY3JlYXRlIjozNjAwMDAwMDAwMDAwLCJkZWxldGUiOjM2MDAwMDAwMDAwMDAsInVwZGF0ZSI6MzYwMDAwMDAwMDAwMH19",
          "dependencies": [
            "module.terraform-codes.aws_eks_cluster.test-eks-cluster",
            "module.terraform-codes.aws_iam_role.test-iam-role-eks-cluster",
            "module.terraform-codes.aws_iam_role.test-iam-role-eks-nodegroup",
            "module.terraform-codes.aws_iam_role_policy_attachment.test-iam-policy-eks-cluster",
            "module.terraform-codes.aws_iam_role_policy_attachment.test-iam-policy-eks-cluster-vpc",
            "module.terraform-codes.aws_iam_role_policy_attachment.test-iam-policy-eks-nodegroup",
            "module.terraform-codes.aws_iam_role_policy_attachment.test-iam-policy-eks-nodegroup-cni",
            "module.terraform-codes.aws_iam_role_policy_attachment.test-iam-policy-eks-nodegroup-ecr",
            "module.terraform-codes.aws_security_group.test-sg-eks-cluster",
            "module.terraform-codes.aws_subnet.test-public-subnet1",
            "module.terraform-codes.aws_subnet.test-public-subnet3",
            "module.terraform-codes.aws_vpc.test-vpc"
          ]
        }
      ]
    },
    {
      "module": "module.terraform-codes",
      "mode": "managed",
      "type": "aws_iam_role",
      "name": "test-iam-role-eks-cluster",
      "provider": "module.terraform-codes.provider[\"registry.terraform.io/hashicorp/aws\"]",
      "instances": [
        {
          "schema_version": 0,
          "attributes": {
            "arn": "arn:aws:iam::956675039632:role/test-iam-role-eks-cluster",
            "assume_role_policy": "{\"Statement\":[{\"Action\":\"sts:AssumeRole\",\"Effect\":\"Allow\",\"Principal\":{\"Service\":\"eks.amazonaws.com\"}}],\"Version\":\"2012-10-17\"}",
            "create_date": "2023-08-07T12:26:21Z",
            "description": "",
            "force_detach_policies": false,
            "id": "test-iam-role-eks-cluster",
            "inline_policy": [],
            "managed_policy_arns": [],
            "max_session_duration": 3600,
            "name": "test-iam-role-eks-cluster",
            "name_prefix": "",
            "path": "/",
            "permissions_boundary": null,
            "tags": null,
            "tags_all": {},
            "unique_id": "AROA55PSGUGIN7XGSYSTA"
          },
          "sensitive_attributes": [],
          "private": "bnVsbA=="
        }
      ]
    },
    {
      "module": "module.terraform-codes",
      "mode": "managed",
      "type": "aws_iam_role",
      "name": "test-iam-role-eks-nodegroup",
      "provider": "module.terraform-codes.provider[\"registry.terraform.io/hashicorp/aws\"]",
      "instances": [
        {
          "schema_version": 0,
          "attributes": {
            "arn": "arn:aws:iam::956675039632:role/test-iam-role-eks-nodegroup",
            "assume_role_policy": "{\"Statement\":[{\"Action\":\"sts:AssumeRole\",\"Effect\":\"Allow\",\"Principal\":{\"Service\":\"ec2.amazonaws.com\"}}],\"Version\":\"2012-10-17\"}",
            "create_date": "2023-08-07T12:26:21Z",
            "description": "",
            "force_detach_policies": false,
            "id": "test-iam-role-eks-nodegroup",
            "inline_policy": [],
            "managed_policy_arns": [],
            "max_session_duration": 3600,
            "name": "test-iam-role-eks-nodegroup",
            "name_prefix": "",
            "path": "/",
            "permissions_boundary": null,
            "tags": null,
            "tags_all": {},
            "unique_id": "AROA55PSGUGIJ6RIY5L2R"
          },
          "sensitive_attributes": [],
          "private": "bnVsbA=="
        }
      ]
    },
    {
      "module": "module.terraform-codes",
      "mode": "managed",
      "type": "aws_iam_role_policy_attachment",
      "name": "test-iam-policy-eks-cluster",
      "provider": "module.terraform-codes.provider[\"registry.terraform.io/hashicorp/aws\"]",
      "instances": [
        {
          "schema_version": 0,
          "attributes": {
            "id": "test-iam-role-eks-cluster-20230807122622591700000004",
            "policy_arn": "arn:aws:iam::aws:policy/AmazonEKSClusterPolicy",
            "role": "test-iam-role-eks-cluster"
          },
          "sensitive_attributes": [],
          "private": "bnVsbA==",
          "dependencies": [
            "module.terraform-codes.aws_iam_role.test-iam-role-eks-cluster"
          ]
        }
      ]
    },
    {
      "module": "module.terraform-codes",
      "mode": "managed",
      "type": "aws_iam_role_policy_attachment",
      "name": "test-iam-policy-eks-cluster-vpc",
      "provider": "module.terraform-codes.provider[\"registry.terraform.io/hashicorp/aws\"]",
      "instances": [
        {
          "schema_version": 0,
          "attributes": {
            "id": "test-iam-role-eks-cluster-20230807122622739700000005",
            "policy_arn": "arn:aws:iam::aws:policy/AmazonEKSVPCResourceController",
            "role": "test-iam-role-eks-cluster"
          },
          "sensitive_attributes": [],
          "private": "bnVsbA==",
          "dependencies": [
            "module.terraform-codes.aws_iam_role.test-iam-role-eks-cluster"
          ]
        }
      ]
    },
    {
      "module": "module.terraform-codes",
      "mode": "managed",
      "type": "aws_iam_role_policy_attachment",
      "name": "test-iam-policy-eks-nodegroup",
      "provider": "module.terraform-codes.provider[\"registry.terraform.io/hashicorp/aws\"]",
      "instances": [
        {
          "schema_version": 0,
          "attributes": {
            "id": "test-iam-role-eks-nodegroup-20230807122622328500000002",
            "policy_arn": "arn:aws:iam::aws:policy/AmazonEKSWorkerNodePolicy",
            "role": "test-iam-role-eks-nodegroup"
          },
          "sensitive_attributes": [],
          "private": "bnVsbA==",
          "dependencies": [
            "module.terraform-codes.aws_iam_role.test-iam-role-eks-nodegroup"
          ]
        }
      ]
    },
    {
      "module": "module.terraform-codes",
      "mode": "managed",
      "type": "aws_iam_role_policy_attachment",
      "name": "test-iam-policy-eks-nodegroup-cni",
      "provider": "module.terraform-codes.provider[\"registry.terraform.io/hashicorp/aws\"]",
      "instances": [
        {
          "schema_version": 0,
          "attributes": {
            "id": "test-iam-role-eks-nodegroup-20230807122622501000000003",
            "policy_arn": "arn:aws:iam::aws:policy/AmazonEKS_CNI_Policy",
            "role": "test-iam-role-eks-nodegroup"
          },
          "sensitive_attributes": [],
          "private": "bnVsbA==",
          "dependencies": [
            "module.terraform-codes.aws_iam_role.test-iam-role-eks-nodegroup"
          ]
        }
      ]
    },
    {
      "module": "module.terraform-codes",
      "mode": "managed",
      "type": "aws_iam_role_policy_attachment",
      "name": "test-iam-policy-eks-nodegroup-ecr",
      "provider": "module.terraform-codes.provider[\"registry.terraform.io/hashicorp/aws\"]",
      "instances": [
        {
          "schema_version": 0,
          "attributes": {
            "id": "test-iam-role-eks-nodegroup-20230807122622237400000001",
            "policy_arn": "arn:aws:iam::aws:policy/AmazonEC2ContainerRegistryReadOnly",
            "role": "test-iam-role-eks-nodegroup"
          },
          "sensitive_attributes": [],
          "private": "bnVsbA==",
          "dependencies": [
            "module.terraform-codes.aws_iam_role.test-iam-role-eks-nodegroup"
          ]
        }
      ]
    },
    {
      "module": "module.terraform-codes",
      "mode": "managed",
      "type": "aws_internet_gateway",
      "name": "test-internet-gateway",
      "provider": "module.terraform-codes.provider[\"registry.terraform.io/hashicorp/aws\"]",
      "instances": [
        {
          "schema_version": 0,
          "attributes": {
            "arn": "arn:aws:ec2:ap-northeast-2:956675039632:internet-gateway/igw-044a33b041918002a",
            "id": "igw-044a33b041918002a",
            "owner_id": "956675039632",
            "tags": null,
            "tags_all": {},
            "timeouts": null,
            "vpc_id": "vpc-052c5d994ce4cb744"
          },
          "sensitive_attributes": [],
          "private": "eyJlMmJmYjczMC1lY2FhLTExZTYtOGY4OC0zNDM2M2JjN2M0YzAiOnsiY3JlYXRlIjoxMjAwMDAwMDAwMDAwLCJkZWxldGUiOjEyMDAwMDAwMDAwMDAsInVwZGF0ZSI6MTIwMDAwMDAwMDAwMH19",
          "dependencies": [
            "module.terraform-codes.aws_vpc.test-vpc"
          ]
        }
      ]
    },
    {
      "module": "module.terraform-codes",
      "mode": "managed",
      "type": "aws_route_table",
      "name": "test-route-table-pub-sub1",
      "provider": "module.terraform-codes.provider[\"registry.terraform.io/hashicorp/aws\"]",
      "instances": [
        {
          "schema_version": 0,
          "attributes": {
            "arn": "arn:aws:ec2:ap-northeast-2:956675039632:route-table/rtb-08619958c2a49397b",
            "id": "rtb-08619958c2a49397b",
            "owner_id": "956675039632",
            "propagating_vgws": [],
            "route": [
              {
                "carrier_gateway_id": "",
                "cidr_block": "0.0.0.0/0",
                "core_network_arn": "",
                "destination_prefix_list_id": "",
                "egress_only_gateway_id": "",
                "gateway_id": "igw-044a33b041918002a",
                "ipv6_cidr_block": "",
                "local_gateway_id": "",
                "nat_gateway_id": "",
                "network_interface_id": "",
                "transit_gateway_id": "",
                "vpc_endpoint_id": "",
                "vpc_peering_connection_id": ""
              }
            ],
            "tags": {
              "Name": "test-route-table-pub-sub1"
            },
            "tags_all": {
              "Name": "test-route-table-pub-sub1"
            },
            "timeouts": null,
            "vpc_id": "vpc-052c5d994ce4cb744"
          },
          "sensitive_attributes": [],
          "private": "eyJlMmJmYjczMC1lY2FhLTExZTYtOGY4OC0zNDM2M2JjN2M0YzAiOnsiY3JlYXRlIjozMDAwMDAwMDAwMDAsImRlbGV0ZSI6MzAwMDAwMDAwMDAwLCJ1cGRhdGUiOjEyMDAwMDAwMDAwMH19",
          "dependencies": [
            "module.terraform-codes.aws_internet_gateway.test-internet-gateway",
            "module.terraform-codes.aws_vpc.test-vpc"
          ]
        }
      ]
    },
    {
      "module": "module.terraform-codes",
      "mode": "managed",
      "type": "aws_route_table",
      "name": "test-route-table-pub-sub3",
      "provider": "module.terraform-codes.provider[\"registry.terraform.io/hashicorp/aws\"]",
      "instances": [
        {
          "schema_version": 0,
          "attributes": {
            "arn": "arn:aws:ec2:ap-northeast-2:956675039632:route-table/rtb-0876c6138df3c18f6",
            "id": "rtb-0876c6138df3c18f6",
            "owner_id": "956675039632",
            "propagating_vgws": [],
            "route": [
              {
                "carrier_gateway_id": "",
                "cidr_block": "0.0.0.0/0",
                "core_network_arn": "",
                "destination_prefix_list_id": "",
                "egress_only_gateway_id": "",
                "gateway_id": "igw-044a33b041918002a",
                "ipv6_cidr_block": "",
                "local_gateway_id": "",
                "nat_gateway_id": "",
                "network_interface_id": "",
                "transit_gateway_id": "",
                "vpc_endpoint_id": "",
                "vpc_peering_connection_id": ""
              }
            ],
            "tags": {
              "Name": "test-route-table-pub-sub3"
            },
            "tags_all": {
              "Name": "test-route-table-pub-sub3"
            },
            "timeouts": null,
            "vpc_id": "vpc-052c5d994ce4cb744"
          },
          "sensitive_attributes": [],
          "private": "eyJlMmJmYjczMC1lY2FhLTExZTYtOGY4OC0zNDM2M2JjN2M0YzAiOnsiY3JlYXRlIjozMDAwMDAwMDAwMDAsImRlbGV0ZSI6MzAwMDAwMDAwMDAwLCJ1cGRhdGUiOjEyMDAwMDAwMDAwMH19",
          "dependencies": [
            "module.terraform-codes.aws_internet_gateway.test-internet-gateway",
            "module.terraform-codes.aws_vpc.test-vpc"
          ]
        }
      ]
    },
    {
      "module": "module.terraform-codes",
      "mode": "managed",
      "type": "aws_route_table_association",
      "name": "test-route-association-pub-sub1",
      "provider": "module.terraform-codes.provider[\"registry.terraform.io/hashicorp/aws\"]",
      "instances": [
        {
          "schema_version": 0,
          "attributes": {
            "gateway_id": "",
            "id": "rtbassoc-0fee22f59e7e30691",
            "route_table_id": "rtb-08619958c2a49397b",
            "subnet_id": "subnet-0577488fad57d0d0f",
            "timeouts": null
          },
          "sensitive_attributes": [],
          "private": "eyJlMmJmYjczMC1lY2FhLTExZTYtOGY4OC0zNDM2M2JjN2M0YzAiOnsiY3JlYXRlIjozMDAwMDAwMDAwMDAsImRlbGV0ZSI6MzAwMDAwMDAwMDAwLCJ1cGRhdGUiOjEyMDAwMDAwMDAwMH19",
          "dependencies": [
            "module.terraform-codes.aws_internet_gateway.test-internet-gateway",
            "module.terraform-codes.aws_route_table.test-route-table-pub-sub1",
            "module.terraform-codes.aws_subnet.test-public-subnet1",
            "module.terraform-codes.aws_vpc.test-vpc"
          ]
        }
      ]
    },
    {
      "module": "module.terraform-codes",
      "mode": "managed",
      "type": "aws_route_table_association",
      "name": "test-route-association-pub-sub3",
      "provider": "module.terraform-codes.provider[\"registry.terraform.io/hashicorp/aws\"]",
      "instances": [
        {
          "schema_version": 0,
          "attributes": {
            "gateway_id": "",
            "id": "rtbassoc-0bbb253249d84c051",
            "route_table_id": "rtb-0876c6138df3c18f6",
            "subnet_id": "subnet-05508bd18fad19aba",
            "timeouts": null
          },
          "sensitive_attributes": [],
          "private": "eyJlMmJmYjczMC1lY2FhLTExZTYtOGY4OC0zNDM2M2JjN2M0YzAiOnsiY3JlYXRlIjozMDAwMDAwMDAwMDAsImRlbGV0ZSI6MzAwMDAwMDAwMDAwLCJ1cGRhdGUiOjEyMDAwMDAwMDAwMH19",
          "dependencies": [
            "module.terraform-codes.aws_internet_gateway.test-internet-gateway",
            "module.terraform-codes.aws_route_table.test-route-table-pub-sub3",
            "module.terraform-codes.aws_subnet.test-public-subnet3",
            "module.terraform-codes.aws_vpc.test-vpc"
          ]
        }
      ]
    },
    {
      "module": "module.terraform-codes",
      "mode": "managed",
      "type": "aws_security_group",
      "name": "test-sg-eks-cluster",
      "provider": "module.terraform-codes.provider[\"registry.terraform.io/hashicorp/aws\"]",
      "instances": [
        {
          "schema_version": 1,
          "attributes": {
            "arn": "arn:aws:ec2:ap-northeast-2:956675039632:security-group/sg-0d6022d59d5454a59",
            "description": "security_group for test-eks-cluster",
            "egress": [],
            "id": "sg-0d6022d59d5454a59",
            "ingress": [],
            "name": "test-sg-eks-cluster",
            "name_prefix": "",
            "owner_id": "956675039632",
            "revoke_rules_on_delete": false,
            "tags": {
              "Name": "test-sg-eks-cluster"
            },
            "tags_all": {
              "Name": "test-sg-eks-cluster"
            },
            "timeouts": null,
            "vpc_id": "vpc-052c5d994ce4cb744"
          },
          "sensitive_attributes": [],
          "private": "eyJlMmJmYjczMC1lY2FhLTExZTYtOGY4OC0zNDM2M2JjN2M0YzAiOnsiY3JlYXRlIjo2MDAwMDAwMDAwMDAsImRlbGV0ZSI6OTAwMDAwMDAwMDAwfSwic2NoZW1hX3ZlcnNpb24iOiIxIn0=",
          "dependencies": [
            "module.terraform-codes.aws_vpc.test-vpc"
          ]
        }
      ]
    },
    {
      "module": "module.terraform-codes",
      "mode": "managed",
      "type": "aws_security_group_rule",
      "name": "test-sg-eks-cluster-egress",
      "provider": "module.terraform-codes.provider[\"registry.terraform.io/hashicorp/aws\"]",
      "instances": [
        {
          "schema_version": 2,
          "attributes": {
            "cidr_blocks": [
              "0.0.0.0/0"
            ],
            "description": "egress security_group_rule for test-eks-cluster",
            "from_port": 0,
            "id": "sgrule-3967272841",
            "ipv6_cidr_blocks": null,
            "prefix_list_ids": null,
            "protocol": "-1",
            "security_group_id": "sg-0d6022d59d5454a59",
            "security_group_rule_id": "sgr-0a1cee96c2b510bf9",
            "self": false,
            "source_security_group_id": null,
            "timeouts": null,
            "to_port": 0,
            "type": "egress"
          },
          "sensitive_attributes": [],
          "private": "eyJlMmJmYjczMC1lY2FhLTExZTYtOGY4OC0zNDM2M2JjN2M0YzAiOnsiY3JlYXRlIjozMDAwMDAwMDAwMDB9LCJzY2hlbWFfdmVyc2lvbiI6IjIifQ==",
          "dependencies": [
            "module.terraform-codes.aws_security_group.test-sg-eks-cluster",
            "module.terraform-codes.aws_vpc.test-vpc"
          ]
        }
      ]
    },
    {
      "module": "module.terraform-codes",
      "mode": "managed",
      "type": "aws_security_group_rule",
      "name": "test-sg-eks-cluster-ingress",
      "provider": "module.terraform-codes.provider[\"registry.terraform.io/hashicorp/aws\"]",
      "instances": [
        {
          "schema_version": 2,
          "attributes": {
            "cidr_blocks": [
              "0.0.0.0/0"
            ],
            "description": "ingress security_group_rule for test-eks-cluster",
            "from_port": 0,
            "id": "sgrule-378171159",
            "ipv6_cidr_blocks": null,
            "prefix_list_ids": null,
            "protocol": "-1",
            "security_group_id": "sg-0d6022d59d5454a59",
            "security_group_rule_id": "sgr-0f2f37b2319728d59",
            "self": false,
            "source_security_group_id": null,
            "timeouts": null,
            "to_port": 0,
            "type": "ingress"
          },
          "sensitive_attributes": [],
          "private": "eyJlMmJmYjczMC1lY2FhLTExZTYtOGY4OC0zNDM2M2JjN2M0YzAiOnsiY3JlYXRlIjozMDAwMDAwMDAwMDB9LCJzY2hlbWFfdmVyc2lvbiI6IjIifQ==",
          "dependencies": [
            "module.terraform-codes.aws_security_group.test-sg-eks-cluster",
            "module.terraform-codes.aws_vpc.test-vpc"
          ]
        }
      ]
    },
    {
      "module": "module.terraform-codes",
      "mode": "managed",
      "type": "aws_subnet",
      "name": "test-public-subnet1",
      "provider": "module.terraform-codes.provider[\"registry.terraform.io/hashicorp/aws\"]",
      "instances": [
        {
          "schema_version": 1,
          "attributes": {
            "arn": "arn:aws:ec2:ap-northeast-2:956675039632:subnet/subnet-0577488fad57d0d0f",
            "assign_ipv6_address_on_creation": false,
            "availability_zone": "ap-northeast-2a",
            "availability_zone_id": "apne2-az1",
            "cidr_block": "172.31.0.0/20",
            "customer_owned_ipv4_pool": "",
            "enable_dns64": false,
            "enable_lni_at_device_index": 0,
            "enable_resource_name_dns_a_record_on_launch": false,
            "enable_resource_name_dns_aaaa_record_on_launch": false,
            "id": "subnet-0577488fad57d0d0f",
            "ipv6_cidr_block": "",
            "ipv6_cidr_block_association_id": "",
            "ipv6_native": false,
            "map_customer_owned_ip_on_launch": false,
            "map_public_ip_on_launch": true,
            "outpost_arn": "",
            "owner_id": "956675039632",
            "private_dns_hostname_type_on_launch": "ip-name",
            "tags": {
              "Name": "test-public-subnet1",
              "kubernetes.io/cluster/test-eks-cluster": "shared",
              "kubernetes.io/role/elb": "1"
            },
            "tags_all": {
              "Name": "test-public-subnet1",
              "kubernetes.io/cluster/test-eks-cluster": "shared",
              "kubernetes.io/role/elb": "1"
            },
            "timeouts": null,
            "vpc_id": "vpc-052c5d994ce4cb744"
          },
          "sensitive_attributes": [],
          "private": "eyJlMmJmYjczMC1lY2FhLTExZTYtOGY4OC0zNDM2M2JjN2M0YzAiOnsiY3JlYXRlIjo2MDAwMDAwMDAwMDAsImRlbGV0ZSI6MTIwMDAwMDAwMDAwMH0sInNjaGVtYV92ZXJzaW9uIjoiMSJ9",
          "dependencies": [
            "module.terraform-codes.aws_vpc.test-vpc"
          ]
        }
      ]
    },
    {
      "module": "module.terraform-codes",
      "mode": "managed",
      "type": "aws_subnet",
      "name": "test-public-subnet3",
      "provider": "module.terraform-codes.provider[\"registry.terraform.io/hashicorp/aws\"]",
      "instances": [
        {
          "schema_version": 1,
          "attributes": {
            "arn": "arn:aws:ec2:ap-northeast-2:956675039632:subnet/subnet-05508bd18fad19aba",
            "assign_ipv6_address_on_creation": false,
            "availability_zone": "ap-northeast-2c",
            "availability_zone_id": "apne2-az3",
            "cidr_block": "172.31.16.0/20",
            "customer_owned_ipv4_pool": "",
            "enable_dns64": false,
            "enable_lni_at_device_index": 0,
            "enable_resource_name_dns_a_record_on_launch": false,
            "enable_resource_name_dns_aaaa_record_on_launch": false,
            "id": "subnet-05508bd18fad19aba",
            "ipv6_cidr_block": "",
            "ipv6_cidr_block_association_id": "",
            "ipv6_native": false,
            "map_customer_owned_ip_on_launch": false,
            "map_public_ip_on_launch": true,
            "outpost_arn": "",
            "owner_id": "956675039632",
            "private_dns_hostname_type_on_launch": "ip-name",
            "tags": {
              "Name": "test-public-subnet3",
              "kubernetes.io/cluster/test-eks-cluster": "shared",
              "kubernetes.io/role/elb": "1"
            },
            "tags_all": {
              "Name": "test-public-subnet3",
              "kubernetes.io/cluster/test-eks-cluster": "shared",
              "kubernetes.io/role/elb": "1"
            },
            "timeouts": null,
            "vpc_id": "vpc-052c5d994ce4cb744"
          },
          "sensitive_attributes": [],
          "private": "eyJlMmJmYjczMC1lY2FhLTExZTYtOGY4OC0zNDM2M2JjN2M0YzAiOnsiY3JlYXRlIjo2MDAwMDAwMDAwMDAsImRlbGV0ZSI6MTIwMDAwMDAwMDAwMH0sInNjaGVtYV92ZXJzaW9uIjoiMSJ9",
          "dependencies": [
            "module.terraform-codes.aws_vpc.test-vpc"
          ]
        }
      ]
    },
    {
      "module": "module.terraform-codes",
      "mode": "managed",
      "type": "aws_vpc",
      "name": "test-vpc",
      "provider": "module.terraform-codes.provider[\"registry.terraform.io/hashicorp/aws\"]",
      "instances": [
        {
          "schema_version": 1,
          "attributes": {
            "arn": "arn:aws:ec2:ap-northeast-2:956675039632:vpc/vpc-052c5d994ce4cb744",
            "assign_generated_ipv6_cidr_block": false,
            "cidr_block": "172.31.0.0/16",
            "default_network_acl_id": "acl-0615ece5b10dc162a",
            "default_route_table_id": "rtb-0674aec75c83822c8",
            "default_security_group_id": "sg-0a88d06ee32e051bb",
            "dhcp_options_id": "dopt-0938f5c03436a3ca6",
            "enable_dns_hostnames": false,
            "enable_dns_support": true,
            "enable_network_address_usage_metrics": false,
            "id": "vpc-052c5d994ce4cb744",
            "instance_tenancy": "default",
            "ipv4_ipam_pool_id": null,
            "ipv4_netmask_length": null,
            "ipv6_association_id": "",
            "ipv6_cidr_block": "",
            "ipv6_cidr_block_network_border_group": "",
            "ipv6_ipam_pool_id": "",
            "ipv6_netmask_length": 0,
            "main_route_table_id": "rtb-0674aec75c83822c8",
            "owner_id": "956675039632",
            "tags": {
              "Name": "test-vpc"
            },
            "tags_all": {
              "Name": "test-vpc"
            }
          },
          "sensitive_attributes": [],
          "private": "eyJzY2hlbWFfdmVyc2lvbiI6IjEifQ=="
        }
      ]
    }
  ],
  "check_results": null
}
