{
  "version": 4,
  "terraform_version": "1.5.2",
  "serial": 1,
  "lineage": "76bc4e46-737f-930a-ef0f-0f9acef7b9d0",
  "outputs": {
    "aws_autoscaling_group_tfer--eks-test-eks-nodegroup-a4c49d63-ccfd-2446-e803-0eef1f8a51a1_id": {
      "value": "eks-test-eks-nodegroup-a4c49d63-ccfd-2446-e803-0eef1f8a51a1",
      "type": "string"
    },
    "aws_launch_template_tfer--eks-a4c49d63-ccfd-2446-e803-0eef1f8a51a1_id": {
      "value": "lt-0df08bf3e9d2d724e",
      "type": "string"
    }
  },
  "resources": [
    {
      "mode": "managed",
      "type": "aws_autoscaling_group",
      "name": "tfer--eks-test-eks-nodegroup-a4c49d63-ccfd-2446-e803-0eef1f8a51a1",
      "provider": "provider[\"registry.terraform.io/-/aws\"]",
      "instances": [
        {
          "schema_version": 0,
          "attributes_flat": {
            "arn": "arn:aws:autoscaling:ap-northeast-2:956675039632:autoScalingGroup:d47fc16c-b157-40ef-bc87-c1419533ad41:autoScalingGroupName/eks-test-eks-nodegroup-a4c49d63-ccfd-2446-e803-0eef1f8a51a1",
            "availability_zones.#": "2",
            "availability_zones.0": "ap-northeast-2a",
            "availability_zones.1": "ap-northeast-2c",
            "capacity_rebalance": "true",
            "context": "",
            "default_cooldown": "300",
            "default_instance_warmup": "0",
            "desired_capacity": "2",
            "desired_capacity_type": "",
            "enabled_metrics.#": "0",
            "force_delete": "false",
            "health_check_grace_period": "15",
            "health_check_type": "EC2",
            "id": "eks-test-eks-nodegroup-a4c49d63-ccfd-2446-e803-0eef1f8a51a1",
            "launch_configuration": "",
            "launch_template.#": "0",
            "load_balancers.#": "0",
            "max_instance_lifetime": "0",
            "max_size": "3",
            "metrics_granularity": "1Minute",
            "min_size": "1",
            "mixed_instances_policy.#": "1",
            "mixed_instances_policy.0.instances_distribution.#": "1",
            "mixed_instances_policy.0.instances_distribution.0.on_demand_allocation_strategy": "prioritized",
            "mixed_instances_policy.0.instances_distribution.0.on_demand_base_capacity": "0",
            "mixed_instances_policy.0.instances_distribution.0.on_demand_percentage_above_base_capacity": "100",
            "mixed_instances_policy.0.instances_distribution.0.spot_allocation_strategy": "lowest-price",
            "mixed_instances_policy.0.instances_distribution.0.spot_instance_pools": "2",
            "mixed_instances_policy.0.instances_distribution.0.spot_max_price": "",
            "mixed_instances_policy.0.launch_template.#": "1",
            "mixed_instances_policy.0.launch_template.0.launch_template_specification.#": "1",
            "mixed_instances_policy.0.launch_template.0.launch_template_specification.0.launch_template_id": "lt-0df08bf3e9d2d724e",
            "mixed_instances_policy.0.launch_template.0.launch_template_specification.0.launch_template_name": "eks-a4c49d63-ccfd-2446-e803-0eef1f8a51a1",
            "mixed_instances_policy.0.launch_template.0.launch_template_specification.0.version": "1",
            "mixed_instances_policy.0.launch_template.0.override.#": "1",
            "mixed_instances_policy.0.launch_template.0.override.0.instance_requirements.#": "0",
            "mixed_instances_policy.0.launch_template.0.override.0.instance_type": "t3a.medium",
            "mixed_instances_policy.0.launch_template.0.override.0.launch_template_specification.#": "0",
            "mixed_instances_policy.0.launch_template.0.override.0.weighted_capacity": "",
            "name": "eks-test-eks-nodegroup-a4c49d63-ccfd-2446-e803-0eef1f8a51a1",
            "name_prefix": "",
            "placement_group": "",
            "predicted_capacity": "0",
            "protect_from_scale_in": "false",
            "service_linked_role_arn": "arn:aws:iam::956675039632:role/aws-service-role/autoscaling.amazonaws.com/AWSServiceRoleForAutoScaling",
            "suspended_processes.#": "0",
            "tag.#": "5",
            "tag.0.key": "eks:cluster-name",
            "tag.0.propagate_at_launch": "true",
            "tag.0.value": "test-eks-cluster",
            "tag.1.key": "eks:nodegroup-name",
            "tag.1.propagate_at_launch": "true",
            "tag.1.value": "test-eks-nodegroup",
            "tag.2.key": "k8s.io/cluster-autoscaler/enabled",
            "tag.2.propagate_at_launch": "true",
            "tag.2.value": "true",
            "tag.3.key": "k8s.io/cluster-autoscaler/test-eks-cluster",
            "tag.3.propagate_at_launch": "true",
            "tag.3.value": "owned",
            "tag.4.key": "kubernetes.io/cluster/test-eks-cluster",
            "tag.4.propagate_at_launch": "true",
            "tag.4.value": "owned",
            "target_group_arns.#": "0",
            "termination_policies.#": "3",
            "termination_policies.0": "AllocationStrategy",
            "termination_policies.1": "OldestLaunchTemplate",
            "termination_policies.2": "OldestInstance",
            "traffic_source.#": "0",
            "vpc_zone_identifier.#": "2",
            "vpc_zone_identifier.0": "subnet-02784bcb3e173a4d6",
            "vpc_zone_identifier.1": "subnet-09a03515a300c2fe0",
            "wait_for_capacity_timeout": "10m",
            "warm_pool.#": "0",
            "warm_pool_size": "0"
          },
          "sensitive_attributes": []
        }
      ]
    },
    {
      "mode": "managed",
      "type": "aws_launch_template",
      "name": "tfer--eks-a4c49d63-ccfd-2446-e803-0eef1f8a51a1",
      "provider": "provider[\"registry.terraform.io/-/aws\"]",
      "instances": [
        {
          "schema_version": 0,
          "attributes_flat": {
            "arn": "arn:aws:ec2:ap-northeast-2:956675039632:launch-template/lt-0df08bf3e9d2d724e",
            "block_device_mappings.#": "1",
            "block_device_mappings.0.device_name": "/dev/xvda",
            "block_device_mappings.0.ebs.#": "1",
            "block_device_mappings.0.ebs.0.delete_on_termination": "true",
            "block_device_mappings.0.ebs.0.encrypted": "",
            "block_device_mappings.0.ebs.0.iops": "0",
            "block_device_mappings.0.ebs.0.kms_key_id": "",
            "block_device_mappings.0.ebs.0.snapshot_id": "",
            "block_device_mappings.0.ebs.0.throughput": "0",
            "block_device_mappings.0.ebs.0.volume_size": "20",
            "block_device_mappings.0.ebs.0.volume_type": "gp2",
            "block_device_mappings.0.no_device": "",
            "block_device_mappings.0.virtual_name": "",
            "capacity_reservation_specification.#": "0",
            "cpu_options.#": "0",
            "default_version": "1",
            "description": "",
            "disable_api_stop": "false",
            "disable_api_termination": "false",
            "ebs_optimized": "",
            "elastic_gpu_specifications.#": "0",
            "elastic_inference_accelerator.#": "0",
            "enclave_options.#": "0",
            "hibernation_options.#": "0",
            "iam_instance_profile.#": "1",
            "iam_instance_profile.0.arn": "",
            "iam_instance_profile.0.name": "eks-a4c49d63-ccfd-2446-e803-0eef1f8a51a1",
            "id": "lt-0df08bf3e9d2d724e",
            "image_id": "ami-049513203fe146a71",
            "instance_initiated_shutdown_behavior": "",
            "instance_market_options.#": "0",
            "instance_requirements.#": "0",
            "instance_type": "t3a.medium",
            "kernel_id": "",
            "key_name": "",
            "latest_version": "1",
            "license_specification.#": "0",
            "maintenance_options.#": "0",
            "metadata_options.#": "1",
            "metadata_options.0.http_endpoint": "",
            "metadata_options.0.http_protocol_ipv6": "",
            "metadata_options.0.http_put_response_hop_limit": "2",
            "metadata_options.0.http_tokens": "",
            "metadata_options.0.instance_metadata_tags": "",
            "monitoring.#": "0",
            "name": "eks-a4c49d63-ccfd-2446-e803-0eef1f8a51a1",
            "name_prefix": "",
            "network_interfaces.#": "1",
            "network_interfaces.0.associate_carrier_ip_address": "",
            "network_interfaces.0.associate_public_ip_address": "",
            "network_interfaces.0.delete_on_termination": "",
            "network_interfaces.0.description": "",
            "network_interfaces.0.device_index": "0",
            "network_interfaces.0.interface_type": "",
            "network_interfaces.0.ipv4_address_count": "0",
            "network_interfaces.0.ipv4_addresses.#": "0",
            "network_interfaces.0.ipv4_prefix_count": "0",
            "network_interfaces.0.ipv4_prefixes.#": "0",
            "network_interfaces.0.ipv6_address_count": "0",
            "network_interfaces.0.ipv6_addresses.#": "0",
            "network_interfaces.0.ipv6_prefix_count": "0",
            "network_interfaces.0.ipv6_prefixes.#": "0",
            "network_interfaces.0.network_card_index": "0",
            "network_interfaces.0.network_interface_id": "",
            "network_interfaces.0.private_ip_address": "",
            "network_interfaces.0.security_groups.#": "1",
            "network_interfaces.0.security_groups.0": "sg-0a8aef500bcd6e339",
            "network_interfaces.0.subnet_id": "",
            "placement.#": "0",
            "private_dns_name_options.#": "0",
            "ram_disk_id": "",
            "security_group_names.#": "0",
            "tag_specifications.#": "0",
            "tags.%": "2",
            "tags.eks:cluster-name": "test-eks-cluster",
            "tags.eks:nodegroup-name": "test-eks-nodegroup",
            "tags_all.%": "2",
            "tags_all.eks:cluster-name": "test-eks-cluster",
            "tags_all.eks:nodegroup-name": "test-eks-nodegroup",
            "user_data": "TUlNRS1WZXJzaW9uOiAxLjAKQ29udGVudC1UeXBlOiBtdWx0aXBhcnQvbWl4ZWQ7IGJvdW5kYXJ5PSIvLyIKCi0tLy8KQ29udGVudC1UeXBlOiB0ZXh0L3gtc2hlbGxzY3JpcHQ7IGNoYXJzZXQ9InVzLWFzY2lpIgojIS9iaW4vYmFzaApzZXQgLWV4CkI2NF9DTFVTVEVSX0NBPUxTMHRMUzFDUlVkSlRpQkRSVkpVU1VaSlEwRlVSUzB0TFMwdENrMUpTVU12YWtORFFXVmhaMEYzU1VKQlowbENRVVJCVGtKbmEzRm9hMmxIT1hjd1FrRlJjMFpCUkVGV1RWSk5kMFZSV1VSV1VWRkVSWGR3Y21SWFNtd0tZMjAxYkdSSFZucE5RalJZUkZSSmVrMUVZM2RQVkVWNlRVUm5lazB4YjFoRVZFMTZUVVJqZDA1cVJYcE5SR2Q2VFRGdmQwWlVSVlJOUWtWSFFURlZSUXBCZUUxTFlUTldhVnBZU25WYVdGSnNZM3BEUTBGVFNYZEVVVmxLUzI5YVNXaDJZMDVCVVVWQ1FsRkJSR2RuUlZCQlJFTkRRVkZ2UTJkblJVSkJUVTFwQ2pOS0syVjBWblJqVFRoT1ZHTldVMmxVU2pJek9VeFNUR2x2Vm5FemFUVlNOMkppZEVsNE1rVlFOWEJMWWtzMWRsTlZaMmRUZHpjME1rRjNWbEJvWlVNS2NXcGtNVE51YTNaTGFXMXlhbkZzVmpoM01IcDZZaTlKVTBWeGVqaERUU3RCVm05dVpFOVJNVTlNTUZkWGNteGhha1JZVlhaUVZrWXdVbWRxY0doRVVncHpja2haT1hsVlJrcEtjRkpoV0dzNU1IbzNPUzh4ZUc5V05FMUtOV1UyWmpGTE1HOTRVRVprU2pWUmFsZzRaRU5xVG5KVmJWTk1WMGRYVm5SRGVFbEhDa05DWkhwVWF6aDRUMVJJT0dWeFFVdzBSVGhJZG5KeFYwaEZOWEJRUml0MmMyTlpTSGhPUm5KWldUbDNkMmROVEhCelZrSXJURmw2V1d4NFdGUlRaRVVLVWxGSGFFb3dXazU2UVVsM1RHTmhhV00xWm14R09IUnBSbkowYW5GRVNWQnpWSGQwWTBOaWVuZ3JORE5IVlhvNWFWUnBZMFpYT0ZVMEwyZGxUVGg2TVFvM2QzWlRaamhOVEVkUlp6Rm1lbTFQTDBGTlEwRjNSVUZCWVU1YVRVWmpkMFJuV1VSV1VqQlFRVkZJTDBKQlVVUkJaMHRyVFVFNFIwRXhWV1JGZDBWQ0NpOTNVVVpOUVUxQ1FXWTRkMGhSV1VSV1VqQlBRa0paUlVaRVFWZGxSM0Z2TkRGcFVqTnRMMkYzT1VOT01WZzNNbGRQZUVWTlFsVkhRVEZWWkVWUlVVOEtUVUY1UTBOdGRERlpiVlo1WW0xV01GcFlUWGRFVVZsS1MyOWFTV2gyWTA1QlVVVk1RbEZCUkdkblJVSkJTaTlyZVZWQk1FbHNhemh4WkdwbGFFaHdRUW96Y3paRWJYWkRjSFZwZDJVME9GQnRSVm93Ym5aTFMzQXpWemR3YldjeFIwd3hkVzVGUm5BMk9FTklLekV2ZVZOU1VEVm5OREl5V1U5WlozZ3ZObTlJQ2s1eFJWbElZVTVKVWpGbWRXaFlVbU5VYVVoR1pHaEhZbkphV0c1V1RqWjVOVk5IVnpabmRrWlhSRGxuUlU5MFpHOW1Obk5YWVU1QllsQlRUekkwVkc0S1MyUlFUQzlpU2s5R1JUaENaVU55YlcwdkwyUkZjekpWU1ZkWVdFYzRSRlF4YzIxalNtNXRkamhFU3pWUFZXTkxiMHhsTDFGeVNWTnVkMWg1ZFM5Mk9RcFZlbWMxZUhWbk9WcDVNRXRUTHpVMGF6aFRVR2RHU1c5b2NsSlNZVzFaVERkeFMybEdTRmROYUU1VFdUSnVSRXM0YlhadVIzVkhSRmhtZUd3emFqTnRDbnBHZFRJeE4zSTNVSFp1T1dwaWVFRkJaVFl4WjJFMk5Hb3JTMjV2Yms1UGJFWTVaRXQyTXpRMVZEbHZVRXRZVURBNWIyZElhMnhIVml0eFpYRlVNMjhLT0VkUlBRb3RMUzB0TFVWT1JDQkRSVkpVU1VaSlEwRlVSUzB0TFMwdENnPT0KQVBJX1NFUlZFUl9VUkw9aHR0cHM6Ly8xRUE4QTQ3QzVCQjI4NkE2OUY1Qjk2NDYwMzE3NEYxRi5ncjcuYXAtbm9ydGhlYXN0LTIuZWtzLmFtYXpvbmF3cy5jb20KSzhTX0NMVVNURVJfRE5TX0lQPTEwLjEwMC4wLjEwCi9ldGMvZWtzL2Jvb3RzdHJhcC5zaCB0ZXN0LWVrcy1jbHVzdGVyIC0ta3ViZWxldC1leHRyYS1hcmdzICctLW5vZGUtbGFiZWxzPWVrcy5hbWF6b25hd3MuY29tL25vZGVncm91cC1pbWFnZT1hbWktMDQ5NTEzMjAzZmUxNDZhNzEsZWtzLmFtYXpvbmF3cy5jb20vY2FwYWNpdHlUeXBlPU9OX0RFTUFORCxla3MuYW1hem9uYXdzLmNvbS9ub2RlZ3JvdXA9dGVzdC1la3Mtbm9kZWdyb3VwLHJvbGU9ZWtzLW5vZGVncm91cCAtLW1heC1wb2RzPTE3JyAtLWI2NC1jbHVzdGVyLWNhICRCNjRfQ0xVU1RFUl9DQSAtLWFwaXNlcnZlci1lbmRwb2ludCAkQVBJX1NFUlZFUl9VUkwgLS1kbnMtY2x1c3Rlci1pcCAkSzhTX0NMVVNURVJfRE5TX0lQIC0tdXNlLW1heC1wb2RzIGZhbHNlCgotLS8vLS0=",
            "vpc_security_group_ids.#": "0"
          },
          "sensitive_attributes": []
        }
      ]
    }
  ],
  "check_results": null
}
