{
  "version": 4,
  "terraform_version": "1.5.2",
  "serial": 33,
  "lineage": "198c9daf-ab47-0f55-d83c-e11151aa3abe",
  "outputs": {},
  "resources": [
    {
      "mode": "data",
      "type": "aws_availability_zones",
      "name": "available",
      "provider": "provider[\"registry.terraform.io/hashicorp/aws\"]",
      "instances": [
        {
          "schema_version": 0,
          "attributes": {
            "all_availability_zones": null,
            "exclude_names": [
              "ap-northeast-2a",
              "ap-northeast-2c"
            ],
            "exclude_zone_ids": null,
            "filter": null,
            "group_names": [
              "ap-northeast-2"
            ],
            "id": "ap-northeast-2",
            "names": [
              "ap-northeast-2b",
              "ap-northeast-2d"
            ],
            "state": null,
            "timeouts": null,
            "zone_ids": [
              "apne2-az2",
              "apne2-az4"
            ]
          },
          "sensitive_attributes": []
        }
      ]
    },
    {
      "mode": "managed",
      "type": "aws_autoscaling_group",
      "name": "tfer--eks-test-eks-nodegroup-a4c49d63-ccfd-2446-e803-0eef1f8a51a1",
      "provider": "provider[\"registry.terraform.io/hashicorp/aws\"]",
      "instances": [
        {
          "schema_version": 0,
          "attributes": {
            "arn": "arn:aws:autoscaling:ap-northeast-2:956675039632:autoScalingGroup:d47fc16c-b157-40ef-bc87-c1419533ad41:autoScalingGroupName/eks-test-eks-nodegroup-a4c49d63-ccfd-2446-e803-0eef1f8a51a1",
            "availability_zones": [
              "ap-northeast-2a",
              "ap-northeast-2c"
            ],
            "capacity_rebalance": true,
            "context": "",
            "default_cooldown": 300,
            "default_instance_warmup": 0,
            "desired_capacity": 2,
            "desired_capacity_type": "",
            "enabled_metrics": [],
            "force_delete": false,
            "force_delete_warm_pool": false,
            "health_check_grace_period": 15,
            "health_check_type": "EC2",
            "id": "eks-test-eks-nodegroup-a4c49d63-ccfd-2446-e803-0eef1f8a51a1",
            "initial_lifecycle_hook": [],
            "instance_refresh": [],
            "launch_configuration": "",
            "launch_template": [],
            "load_balancers": [],
            "max_instance_lifetime": 0,
            "max_size": 3,
            "metrics_granularity": "1Minute",
            "min_elb_capacity": null,
            "min_size": 1,
            "mixed_instances_policy": [
              {
                "instances_distribution": [
                  {
                    "on_demand_allocation_strategy": "prioritized",
                    "on_demand_base_capacity": 0,
                    "on_demand_percentage_above_base_capacity": 100,
                    "spot_allocation_strategy": "lowest-price",
                    "spot_instance_pools": 2,
                    "spot_max_price": ""
                  }
                ],
                "launch_template": [
                  {
                    "launch_template_specification": [
                      {
                        "launch_template_id": "lt-0df08bf3e9d2d724e",
                        "launch_template_name": "eks-a4c49d63-ccfd-2446-e803-0eef1f8a51a1",
                        "version": "1"
                      }
                    ],
                    "override": [
                      {
                        "instance_requirements": [],
                        "instance_type": "t3a.medium",
                        "launch_template_specification": [],
                        "weighted_capacity": ""
                      }
                    ]
                  }
                ]
              }
            ],
            "name": "eks-test-eks-nodegroup-a4c49d63-ccfd-2446-e803-0eef1f8a51a1",
            "name_prefix": "",
            "placement_group": "",
            "predicted_capacity": 0,
            "protect_from_scale_in": false,
            "service_linked_role_arn": "arn:aws:iam::956675039632:role/aws-service-role/autoscaling.amazonaws.com/AWSServiceRoleForAutoScaling",
            "suspended_processes": [],
            "tag": [
              {
                "key": "eks:cluster-name",
                "propagate_at_launch": true,
                "value": "test-eks-cluster"
              },
              {
                "key": "eks:nodegroup-name",
                "propagate_at_launch": true,
                "value": "test-eks-nodegroup"
              },
              {
                "key": "k8s.io/cluster-autoscaler/enabled",
                "propagate_at_launch": true,
                "value": "true"
              },
              {
                "key": "k8s.io/cluster-autoscaler/test-eks-cluster",
                "propagate_at_launch": true,
                "value": "owned"
              },
              {
                "key": "kubernetes.io/cluster/test-eks-cluster",
                "propagate_at_launch": true,
                "value": "owned"
              }
            ],
            "target_group_arns": [],
            "termination_policies": [
              "AllocationStrategy",
              "OldestInstance",
              "OldestLaunchTemplate"
            ],
            "timeouts": null,
            "traffic_source": [],
            "vpc_zone_identifier": [
              "subnet-02784bcb3e173a4d6",
              "subnet-09a03515a300c2fe0"
            ],
            "wait_for_capacity_timeout": "10m",
            "wait_for_elb_capacity": null,
            "warm_pool": [],
            "warm_pool_size": 0
          },
          "sensitive_attributes": [],
          "private": "eyJlMmJmYjczMC1lY2FhLTExZTYtOGY4OC0zNDM2M2JjN2M0YzAiOnsiZGVsZXRlIjo2MDAwMDAwMDAwMDAsInVwZGF0ZSI6NjAwMDAwMDAwMDAwfX0="
        }
      ]
    },
    {
      "mode": "managed",
      "type": "aws_eks_cluster",
      "name": "test-eks-cluster",
      "provider": "provider[\"registry.terraform.io/hashicorp/aws\"]",
      "instances": [
        {
          "schema_version": 0,
          "attributes": {
            "arn": "arn:aws:eks:ap-northeast-2:956675039632:cluster/test-eks-cluster",
            "certificate_authority": [
              {
                "data": "LS0tLS1CRUdJTiBDRVJUSUZJQ0FURS0tLS0tCk1JSUMvakNDQWVhZ0F3SUJBZ0lCQURBTkJna3Foa2lHOXcwQkFRc0ZBREFWTVJNd0VRWURWUVFERXdwcmRXSmwKY201bGRHVnpNQjRYRFRJek1EY3dPVEV6TURnek0xb1hEVE16TURjd05qRXpNRGd6TTFvd0ZURVRNQkVHQTFVRQpBeE1LYTNWaVpYSnVaWFJsY3pDQ0FTSXdEUVlKS29aSWh2Y05BUUVCQlFBRGdnRVBBRENDQVFvQ2dnRUJBTU1pCjNKK2V0VnRjTThOVGNWU2lUSjIzOUxSTGlvVnEzaTVSN2JidEl4MkVQNXBLYks1dlNVZ2dTdzc0MkF3VlBoZUMKcWpkMTNua3ZLaW1yanFsVjh3MHp6Yi9JU0VxejhDTStBVm9uZE9RMU9MMFdXcmxhakRYVXZQVkYwUmdqcGhEUgpzckhZOXlVRkpKcFJhWGs5MHo3OS8xeG9WNE1KNWU2ZjFLMG94UEZkSjVRalg4ZENqTnJVbVNMV0dXVnRDeElHCkNCZHpUazh4T1RIOGVxQUw0RThIdnJxV0hFNXBQRit2c2NZSHhORnJZWTl3d2dNTHBzVkIrTFl6WWx4WFRTZEUKUlFHaEowWk56QUl3TGNhaWM1ZmxGOHRpRnJ0anFESVBzVHd0Y0NiengrNDNHVXo5aVRpY0ZXOFU0L2dlTTh6MQo3d3ZTZjhNTEdRZzFmem1PL0FNQ0F3RUFBYU5aTUZjd0RnWURWUjBQQVFIL0JBUURBZ0trTUE4R0ExVWRFd0VCCi93UUZNQU1CQWY4d0hRWURWUjBPQkJZRUZEQVdlR3FvNDFpUjNtL2F3OUNOMVg3MldPeEVNQlVHQTFVZEVRUU8KTUF5Q0NtdDFZbVZ5Ym1WMFpYTXdEUVlKS29aSWh2Y05BUUVMQlFBRGdnRUJBSi9reVVBMElsazhxZGplaEhwQQozczZEbXZDcHVpd2U0OFBtRVowbnZLS3AzVzdwbWcxR0wxdW5FRnA2OENIKzEveVNSUDVnNDIyWU9ZZ3gvNm9ICk5xRVlIYU5JUjFmdWhYUmNUaUhGZGhHYnJaWG5WTjZ5NVNHVzZndkZXRDlnRU90ZG9mNnNXYU5BYlBTTzI0VG4KS2RQTC9iSk9GRThCZUNybW0vL2RFczJVSVdYWEc4RFQxc21jSm5tdjhESzVPVWNLb0xlL1FySVNud1h5dS92OQpVemc1eHVnOVp5MEtTLzU0azhTUGdGSW9oclJSYW1ZTDdxS2lGSFdNaE5TWTJuREs4bXZuR3VHRFhmeGwzajNtCnpGdTIxN3I3UHZuOWpieEFBZTYxZ2E2NGorS25vbk5PbEY5ZEt2MzQ1VDlvUEtYUDA5b2dIa2xHVitxZXFUM28KOEdRPQotLS0tLUVORCBDRVJUSUZJQ0FURS0tLS0tCg=="
              }
            ],
            "cluster_id": null,
            "created_at": "2023-07-09 13:02:36.498 +0000 UTC",
            "enabled_cluster_log_types": [
              "api",
              "audit",
              "authenticator",
              "controllerManager",
              "scheduler"
            ],
            "encryption_config": [],
            "endpoint": "https://1EA8A47C5BB286A69F5B964603174F1F.gr7.ap-northeast-2.eks.amazonaws.com",
            "id": "test-eks-cluster",
            "identity": [
              {
                "oidc": [
                  {
                    "issuer": "https://oidc.eks.ap-northeast-2.amazonaws.com/id/1EA8A47C5BB286A69F5B964603174F1F"
                  }
                ]
              }
            ],
            "kubernetes_network_config": [
              {
                "ip_family": "ipv4",
                "service_ipv4_cidr": "10.100.0.0/16",
                "service_ipv6_cidr": ""
              }
            ],
            "name": "test-eks-cluster",
            "outpost_config": [],
            "platform_version": "eks.14",
            "role_arn": "arn:aws:iam::956675039632:role/test-iam-role-eks-cluster",
            "status": "ACTIVE",
            "tags": {},
            "tags_all": {},
            "timeouts": null,
            "version": "1.22",
            "vpc_config": [
              {
                "cluster_security_group_id": "sg-0a8aef500bcd6e339",
                "endpoint_private_access": false,
                "endpoint_public_access": true,
                "public_access_cidrs": [
                  "0.0.0.0/0"
                ],
                "security_group_ids": [
                  "sg-06a9ea2b033698d10"
                ],
                "subnet_ids": [
                  "subnet-02784bcb3e173a4d6",
                  "subnet-09a03515a300c2fe0"
                ],
                "vpc_id": "vpc-0d005e84f2bb96266"
              }
            ]
          },
          "sensitive_attributes": [],
          "private": "eyJlMmJmYjczMC1lY2FhLTExZTYtOGY4OC0zNDM2M2JjN2M0YzAiOnsiY3JlYXRlIjoxODAwMDAwMDAwMDAwLCJkZWxldGUiOjkwMDAwMDAwMDAwMCwidXBkYXRlIjozNjAwMDAwMDAwMDAwfX0=",
          "dependencies": [
            "aws_iam_role.test-iam-role-eks-cluster",
            "aws_iam_role_policy_attachment.test-iam-policy-eks-cluster",
            "aws_iam_role_policy_attachment.test-iam-policy-eks-cluster-vpc",
            "aws_security_group.test-sg-eks-cluster"
          ]
        }
      ]
    },
    {
      "mode": "managed",
      "type": "aws_eks_node_group",
      "name": "test-eks-nodegroup",
      "provider": "provider[\"registry.terraform.io/hashicorp/aws\"]",
      "instances": [
        {
          "schema_version": 0,
          "attributes": {
            "ami_type": "AL2_x86_64",
            "arn": "arn:aws:eks:ap-northeast-2:956675039632:nodegroup/test-eks-cluster/test-eks-nodegroup/a4c49d63-ccfd-2446-e803-0eef1f8a51a1",
            "capacity_type": "ON_DEMAND",
            "cluster_name": "test-eks-cluster",
            "disk_size": 20,
            "force_update_version": null,
            "id": "test-eks-cluster:test-eks-nodegroup",
            "instance_types": [
              "t3a.medium"
            ],
            "labels": {
              "role": "eks-nodegroup"
            },
            "launch_template": [],
            "node_group_name": "test-eks-nodegroup",
            "node_group_name_prefix": "",
            "node_role_arn": "arn:aws:iam::956675039632:role/test-iam-role-eks-nodegroup",
            "release_version": "1.22.17-20230703",
            "remote_access": [],
            "resources": [
              {
                "autoscaling_groups": [
                  {
                    "name": "eks-test-eks-nodegroup-a4c49d63-ccfd-2446-e803-0eef1f8a51a1"
                  }
                ],
                "remote_access_security_group_id": ""
              }
            ],
            "scaling_config": [
              {
                "desired_size": 1,
                "max_size": 1,
                "min_size": 1
              }
            ],
            "status": "ACTIVE",
            "subnet_ids": [
              "subnet-02784bcb3e173a4d6",
              "subnet-09a03515a300c2fe0"
            ],
            "tags": {
              "Name": "test-eks-cluster-worker-node"
            },
            "tags_all": {
              "Name": "test-eks-cluster-worker-node"
            },
            "taint": [],
            "timeouts": null,
            "update_config": [
              {
                "max_unavailable": 1,
                "max_unavailable_percentage": 0
              }
            ],
            "version": "1.22"
          },
          "sensitive_attributes": [],
          "private": "eyJlMmJmYjczMC1lY2FhLTExZTYtOGY4OC0zNDM2M2JjN2M0YzAiOnsiY3JlYXRlIjozNjAwMDAwMDAwMDAwLCJkZWxldGUiOjM2MDAwMDAwMDAwMDAsInVwZGF0ZSI6MzYwMDAwMDAwMDAwMH19",
          "dependencies": [
            "aws_eks_cluster.test-eks-cluster",
            "aws_iam_role.test-iam-role-eks-nodegroup",
            "aws_iam_role_policy_attachment.test-iam-policy-eks-nodegroup",
            "aws_iam_role_policy_attachment.test-iam-policy-eks-nodegroup-cni",
            "aws_iam_role_policy_attachment.test-iam-policy-eks-nodegroup-ecr"
          ]
        }
      ]
    },
    {
      "mode": "managed",
      "type": "aws_eks_node_group",
      "name": "test-eks-nodegroup2",
      "provider": "provider[\"registry.terraform.io/hashicorp/aws\"]",
      "instances": [
        {
          "schema_version": 0,
          "attributes": {
            "ami_type": "CUSTOM",
            "arn": "arn:aws:eks:ap-northeast-2:956675039632:nodegroup/test-eks-cluster/test-eks-nodegroup2/9ac49db0-ea7f-42a4-cd85-f8030cefa707",
            "capacity_type": "ON_DEMAND",
            "cluster_name": "test-eks-cluster",
            "disk_size": 0,
            "force_update_version": null,
            "id": "test-eks-cluster:test-eks-nodegroup2",
            "instance_types": [],
            "labels": {
              "role": "eks-nodegroup"
            },
            "launch_template": [
              {
                "id": "lt-0dea7803e74442e28",
                "name": "test-launch-templatte",
                "version": "1"
              }
            ],
            "node_group_name": "test-eks-nodegroup2",
            "node_group_name_prefix": "",
            "node_role_arn": "arn:aws:iam::956675039632:role/test-iam-role-eks-nodegroup",
            "release_version": "ami-049513203fe146a71",
            "remote_access": [],
            "resources": [
              {
                "autoscaling_groups": [
                  {
                    "name": "eks-test-eks-nodegroup2-9ac49db0-ea7f-42a4-cd85-f8030cefa707"
                  }
                ],
                "remote_access_security_group_id": ""
              }
            ],
            "scaling_config": [
              {
                "desired_size": 1,
                "max_size": 1,
                "min_size": 1
              }
            ],
            "status": "ACTIVE",
            "subnet_ids": [
              "subnet-02784bcb3e173a4d6",
              "subnet-09a03515a300c2fe0"
            ],
            "tags": {
              "Name": "test-eks-cluster-worker-node2"
            },
            "tags_all": {
              "Name": "test-eks-cluster-worker-node2"
            },
            "taint": [],
            "timeouts": null,
            "update_config": [
              {
                "max_unavailable": 1,
                "max_unavailable_percentage": 0
              }
            ],
            "version": "1.22"
          },
          "sensitive_attributes": [],
          "private": "eyJlMmJmYjczMC1lY2FhLTExZTYtOGY4OC0zNDM2M2JjN2M0YzAiOnsiY3JlYXRlIjozNjAwMDAwMDAwMDAwLCJkZWxldGUiOjM2MDAwMDAwMDAwMDAsInVwZGF0ZSI6MzYwMDAwMDAwMDAwMH19",
          "dependencies": [
            "aws_eks_cluster.test-eks-cluster",
            "aws_iam_role.test-iam-role-eks-cluster",
            "aws_iam_role.test-iam-role-eks-nodegroup",
            "aws_iam_role_policy_attachment.test-iam-policy-eks-cluster",
            "aws_iam_role_policy_attachment.test-iam-policy-eks-cluster-vpc",
            "aws_launch_template.test-launch-template",
            "aws_security_group.test-sg-eks-cluster"
          ]
        }
      ]
    },
    {
      "mode": "managed",
      "type": "aws_iam_role",
      "name": "test-iam-role-eks-cluster",
      "provider": "provider[\"registry.terraform.io/hashicorp/aws\"]",
      "instances": [
        {
          "schema_version": 0,
          "attributes": {
            "arn": "arn:aws:iam::956675039632:role/test-iam-role-eks-cluster",
            "assume_role_policy": "{\"Statement\":[{\"Action\":\"sts:AssumeRole\",\"Effect\":\"Allow\",\"Principal\":{\"Service\":\"eks.amazonaws.com\"}}],\"Version\":\"2012-10-17\"}",
            "create_date": "2023-07-09T13:00:47Z",
            "description": "",
            "force_detach_policies": false,
            "id": "test-iam-role-eks-cluster",
            "inline_policy": [],
            "managed_policy_arns": [
              "arn:aws:iam::aws:policy/AmazonEKSClusterPolicy",
              "arn:aws:iam::aws:policy/AmazonEKSVPCResourceController"
            ],
            "max_session_duration": 3600,
            "name": "test-iam-role-eks-cluster",
            "name_prefix": "",
            "path": "/",
            "permissions_boundary": null,
            "tags": {},
            "tags_all": {},
            "unique_id": "AROA55PSGUGIIW5O46QJI"
          },
          "sensitive_attributes": [],
          "private": "bnVsbA=="
        }
      ]
    },
    {
      "mode": "managed",
      "type": "aws_iam_role",
      "name": "test-iam-role-eks-nodegroup",
      "provider": "provider[\"registry.terraform.io/hashicorp/aws\"]",
      "instances": [
        {
          "schema_version": 0,
          "attributes": {
            "arn": "arn:aws:iam::956675039632:role/test-iam-role-eks-nodegroup",
            "assume_role_policy": "{\"Statement\":[{\"Action\":\"sts:AssumeRole\",\"Effect\":\"Allow\",\"Principal\":{\"Service\":\"ec2.amazonaws.com\"}}],\"Version\":\"2012-10-17\"}",
            "create_date": "2023-07-09T13:00:47Z",
            "description": "",
            "force_detach_policies": false,
            "id": "test-iam-role-eks-nodegroup",
            "inline_policy": [],
            "managed_policy_arns": [
              "arn:aws:iam::aws:policy/AmazonEC2ContainerRegistryReadOnly",
              "arn:aws:iam::aws:policy/AmazonEKSWorkerNodePolicy",
              "arn:aws:iam::aws:policy/AmazonEKS_CNI_Policy"
            ],
            "max_session_duration": 3600,
            "name": "test-iam-role-eks-nodegroup",
            "name_prefix": "",
            "path": "/",
            "permissions_boundary": null,
            "tags": {},
            "tags_all": {},
            "unique_id": "AROA55PSGUGIL67A2RH56"
          },
          "sensitive_attributes": [],
          "private": "bnVsbA=="
        }
      ]
    },
    {
      "mode": "managed",
      "type": "aws_iam_role_policy_attachment",
      "name": "test-iam-policy-eks-cluster",
      "provider": "provider[\"registry.terraform.io/hashicorp/aws\"]",
      "instances": [
        {
          "schema_version": 0,
          "attributes": {
            "id": "test-iam-role-eks-cluster-20230709130048628500000001",
            "policy_arn": "arn:aws:iam::aws:policy/AmazonEKSClusterPolicy",
            "role": "test-iam-role-eks-cluster"
          },
          "sensitive_attributes": [],
          "private": "bnVsbA==",
          "dependencies": [
            "aws_iam_role.test-iam-role-eks-cluster"
          ]
        }
      ]
    },
    {
      "mode": "managed",
      "type": "aws_iam_role_policy_attachment",
      "name": "test-iam-policy-eks-cluster-vpc",
      "provider": "provider[\"registry.terraform.io/hashicorp/aws\"]",
      "instances": [
        {
          "schema_version": 0,
          "attributes": {
            "id": "test-iam-role-eks-cluster-20230709130048731000000002",
            "policy_arn": "arn:aws:iam::aws:policy/AmazonEKSVPCResourceController",
            "role": "test-iam-role-eks-cluster"
          },
          "sensitive_attributes": [],
          "private": "bnVsbA==",
          "dependencies": [
            "aws_iam_role.test-iam-role-eks-cluster"
          ]
        }
      ]
    },
    {
      "mode": "managed",
      "type": "aws_iam_role_policy_attachment",
      "name": "test-iam-policy-eks-nodegroup",
      "provider": "provider[\"registry.terraform.io/hashicorp/aws\"]",
      "instances": [
        {
          "schema_version": 0,
          "attributes": {
            "id": "test-iam-role-eks-nodegroup-20230709130048977300000004",
            "policy_arn": "arn:aws:iam::aws:policy/AmazonEKSWorkerNodePolicy",
            "role": "test-iam-role-eks-nodegroup"
          },
          "sensitive_attributes": [],
          "private": "bnVsbA==",
          "dependencies": [
            "aws_iam_role.test-iam-role-eks-nodegroup"
          ]
        }
      ]
    },
    {
      "mode": "managed",
      "type": "aws_iam_role_policy_attachment",
      "name": "test-iam-policy-eks-nodegroup-cni",
      "provider": "provider[\"registry.terraform.io/hashicorp/aws\"]",
      "instances": [
        {
          "schema_version": 0,
          "attributes": {
            "id": "test-iam-role-eks-nodegroup-20230709130049141000000005",
            "policy_arn": "arn:aws:iam::aws:policy/AmazonEKS_CNI_Policy",
            "role": "test-iam-role-eks-nodegroup"
          },
          "sensitive_attributes": [],
          "private": "bnVsbA==",
          "dependencies": [
            "aws_iam_role.test-iam-role-eks-nodegroup"
          ]
        }
      ]
    },
    {
      "mode": "managed",
      "type": "aws_iam_role_policy_attachment",
      "name": "test-iam-policy-eks-nodegroup-ecr",
      "provider": "provider[\"registry.terraform.io/hashicorp/aws\"]",
      "instances": [
        {
          "schema_version": 0,
          "attributes": {
            "id": "test-iam-role-eks-nodegroup-20230709130048881300000003",
            "policy_arn": "arn:aws:iam::aws:policy/AmazonEC2ContainerRegistryReadOnly",
            "role": "test-iam-role-eks-nodegroup"
          },
          "sensitive_attributes": [],
          "private": "bnVsbA==",
          "dependencies": [
            "aws_iam_role.test-iam-role-eks-nodegroup"
          ]
        }
      ]
    },
    {
      "mode": "managed",
      "type": "aws_internet_gateway",
      "name": "tfer--igw-07b8beba6e51bc121",
      "provider": "provider[\"registry.terraform.io/hashicorp/aws\"]",
      "instances": [
        {
          "schema_version": 0,
          "attributes_flat": {
            "arn": "arn:aws:ec2:ap-northeast-2:956675039632:internet-gateway/igw-07b8beba6e51bc121",
            "id": "igw-07b8beba6e51bc121",
            "owner_id": "956675039632",
            "tags.%": "0",
            "tags_all.%": "0",
            "vpc_id": "vpc-0d005e84f2bb96266"
          },
          "sensitive_attributes": []
        }
      ]
    },
    {
      "mode": "managed",
      "type": "aws_launch_template",
      "name": "test-launch-template",
      "provider": "provider[\"registry.terraform.io/hashicorp/aws\"]",
      "instances": [
        {
          "schema_version": 0,
          "attributes": {
            "arn": "arn:aws:ec2:ap-northeast-2:956675039632:launch-template/lt-0dea7803e74442e28",
            "block_device_mappings": [
              {
                "device_name": "/dev/xvda",
                "ebs": [
                  {
                    "delete_on_termination": "true",
                    "encrypted": "",
                    "iops": 0,
                    "kms_key_id": "",
                    "snapshot_id": "",
                    "throughput": 0,
                    "volume_size": 20,
                    "volume_type": "gp2"
                  }
                ],
                "no_device": "",
                "virtual_name": ""
              }
            ],
            "capacity_reservation_specification": [],
            "cpu_options": [],
            "credit_specification": [],
            "default_version": 1,
            "description": "",
            "disable_api_stop": false,
            "disable_api_termination": false,
            "ebs_optimized": "",
            "elastic_gpu_specifications": [],
            "elastic_inference_accelerator": [],
            "enclave_options": [],
            "hibernation_options": [],
            "iam_instance_profile": [],
            "id": "lt-0dea7803e74442e28",
            "image_id": "ami-049513203fe146a71",
            "instance_initiated_shutdown_behavior": "",
            "instance_market_options": [],
            "instance_requirements": [],
            "instance_type": "t3a.medium",
            "kernel_id": "",
            "key_name": "",
            "latest_version": 1,
            "license_specification": [],
            "maintenance_options": [],
            "metadata_options": [
              {
                "http_endpoint": "",
                "http_protocol_ipv6": "",
                "http_put_response_hop_limit": 2,
                "http_tokens": "",
                "instance_metadata_tags": ""
              }
            ],
            "monitoring": [],
            "name": "test-launch-templatte",
            "name_prefix": "",
            "network_interfaces": [
              {
                "associate_carrier_ip_address": "",
                "associate_public_ip_address": "",
                "delete_on_termination": "",
                "description": "",
                "device_index": 0,
                "interface_type": "",
                "ipv4_address_count": 0,
                "ipv4_addresses": [],
                "ipv4_prefix_count": 0,
                "ipv4_prefixes": [],
                "ipv6_address_count": 0,
                "ipv6_addresses": [],
                "ipv6_prefix_count": 0,
                "ipv6_prefixes": [],
                "network_card_index": 0,
                "network_interface_id": "",
                "private_ip_address": "",
                "security_groups": [
                  "sg-0a8aef500bcd6e339"
                ],
                "subnet_id": ""
              }
            ],
            "placement": [],
            "private_dns_name_options": [],
            "ram_disk_id": "",
            "security_group_names": [],
            "tag_specifications": [],
            "tags": {
              "eks:cluster-name": "test-eks-cluster",
              "eks:nodegroup-name": "test-eks-nodegroup"
            },
            "tags_all": {
              "eks:cluster-name": "test-eks-cluster",
              "eks:nodegroup-name": "test-eks-nodegroup"
            },
            "update_default_version": null,
            "user_data": "TUlNRS1WZXJzaW9uOiAxLjAKQ29udGVudC1UeXBlOiBtdWx0aXBhcnQvbWl4ZWQ7IGJvdW5kYXJ5PSIvLyIKCi0tLy8KQ29udGVudC1UeXBlOiB0ZXh0L3gtc2hlbGxzY3JpcHQ7IGNoYXJzZXQ9InVzLWFzY2lpIgojIS9iaW4vYmFzaApzZXQgLWV4CkI2NF9DTFVTVEVSX0NBPUxTMHRMUzFDUlVkSlRpQkRSVkpVU1VaSlEwRlVSUzB0TFMwdENrMUpTVU12YWtORFFXVmhaMEYzU1VKQlowbENRVVJCVGtKbmEzRm9hMmxIT1hjd1FrRlJjMFpCUkVGV1RWSk5kMFZSV1VSV1VWRkVSWGR3Y21SWFNtd0tZMjAxYkdSSFZucE5RalJZUkZSSmVrMUVZM2RQVkVWNlRVUm5lazB4YjFoRVZFMTZUVVJqZDA1cVJYcE5SR2Q2VFRGdmQwWlVSVlJOUWtWSFFURlZSUXBCZUUxTFlUTldhVnBZU25WYVdGSnNZM3BEUTBGVFNYZEVVVmxLUzI5YVNXaDJZMDVCVVVWQ1FsRkJSR2RuUlZCQlJFTkRRVkZ2UTJkblJVSkJUVTFwQ2pOS0syVjBWblJqVFRoT1ZHTldVMmxVU2pJek9VeFNUR2x2Vm5FemFUVlNOMkppZEVsNE1rVlFOWEJMWWtzMWRsTlZaMmRUZHpjME1rRjNWbEJvWlVNS2NXcGtNVE51YTNaTGFXMXlhbkZzVmpoM01IcDZZaTlKVTBWeGVqaERUU3RCVm05dVpFOVJNVTlNTUZkWGNteGhha1JZVlhaUVZrWXdVbWRxY0doRVVncHpja2haT1hsVlJrcEtjRkpoV0dzNU1IbzNPUzh4ZUc5V05FMUtOV1UyWmpGTE1HOTRVRVprU2pWUmFsZzRaRU5xVG5KVmJWTk1WMGRYVm5SRGVFbEhDa05DWkhwVWF6aDRUMVJJT0dWeFFVdzBSVGhJZG5KeFYwaEZOWEJRUml0MmMyTlpTSGhPUm5KWldUbDNkMmROVEhCelZrSXJURmw2V1d4NFdGUlRaRVVLVWxGSGFFb3dXazU2UVVsM1RHTmhhV00xWm14R09IUnBSbkowYW5GRVNWQnpWSGQwWTBOaWVuZ3JORE5IVlhvNWFWUnBZMFpYT0ZVMEwyZGxUVGg2TVFvM2QzWlRaamhOVEVkUlp6Rm1lbTFQTDBGTlEwRjNSVUZCWVU1YVRVWmpkMFJuV1VSV1VqQlFRVkZJTDBKQlVVUkJaMHRyVFVFNFIwRXhWV1JGZDBWQ0NpOTNVVVpOUVUxQ1FXWTRkMGhSV1VSV1VqQlBRa0paUlVaRVFWZGxSM0Z2TkRGcFVqTnRMMkYzT1VOT01WZzNNbGRQZUVWTlFsVkhRVEZWWkVWUlVVOEtUVUY1UTBOdGRERlpiVlo1WW0xV01GcFlUWGRFVVZsS1MyOWFTV2gyWTA1QlVVVk1RbEZCUkdkblJVSkJTaTlyZVZWQk1FbHNhemh4WkdwbGFFaHdRUW96Y3paRWJYWkRjSFZwZDJVME9GQnRSVm93Ym5aTFMzQXpWemR3YldjeFIwd3hkVzVGUm5BMk9FTklLekV2ZVZOU1VEVm5OREl5V1U5WlozZ3ZObTlJQ2s1eFJWbElZVTVKVWpGbWRXaFlVbU5VYVVoR1pHaEhZbkphV0c1V1RqWjVOVk5IVnpabmRrWlhSRGxuUlU5MFpHOW1Obk5YWVU1QllsQlRUekkwVkc0S1MyUlFUQzlpU2s5R1JUaENaVU55YlcwdkwyUkZjekpWU1ZkWVdFYzRSRlF4YzIxalNtNXRkamhFU3pWUFZXTkxiMHhsTDFGeVNWTnVkMWg1ZFM5Mk9RcFZlbWMxZUhWbk9WcDVNRXRUTHpVMGF6aFRVR2RHU1c5b2NsSlNZVzFaVERkeFMybEdTRmROYUU1VFdUSnVSRXM0YlhadVIzVkhSRmhtZUd3emFqTnRDbnBHZFRJeE4zSTNVSFp1T1dwaWVFRkJaVFl4WjJFMk5Hb3JTMjV2Yms1UGJFWTVaRXQyTXpRMVZEbHZVRXRZVURBNWIyZElhMnhIVml0eFpYRlVNMjhLT0VkUlBRb3RMUzB0TFVWT1JDQkRSVkpVU1VaSlEwRlVSUzB0TFMwdENnPT0KQVBJX1NFUlZFUl9VUkw9aHR0cHM6Ly8xRUE4QTQ3QzVCQjI4NkE2OUY1Qjk2NDYwMzE3NEYxRi5ncjcuYXAtbm9ydGhlYXN0LTIuZWtzLmFtYXpvbmF3cy5jb20KSzhTX0NMVVNURVJfRE5TX0lQPTEwLjEwMC4wLjEwCi9ldGMvZWtzL2Jvb3RzdHJhcC5zaCB0ZXN0LWVrcy1jbHVzdGVyIC0ta3ViZWxldC1leHRyYS1hcmdzICctLW5vZGUtbGFiZWxzPWVrcy5hbWF6b25hd3MuY29tL25vZGVncm91cC1pbWFnZT1hbWktMDQ5NTEzMjAzZmUxNDZhNzEsZWtzLmFtYXpvbmF3cy5jb20vY2FwYWNpdHlUeXBlPU9OX0RFTUFORCxla3MuYW1hem9uYXdzLmNvbS9ub2RlZ3JvdXA9dGVzdC1la3Mtbm9kZWdyb3VwLHJvbGU9ZWtzLW5vZGVncm91cCAtLW1heC1wb2RzPTE3JyAtLWI2NC1jbHVzdGVyLWNhICRCNjRfQ0xVU1RFUl9DQSAtLWFwaXNlcnZlci1lbmRwb2ludCAkQVBJX1NFUlZFUl9VUkwgLS1kbnMtY2x1c3Rlci1pcCAkSzhTX0NMVVNURVJfRE5TX0lQIC0tdXNlLW1heC1wb2RzIGZhbHNlCgotLS8vLS0=",
            "vpc_security_group_ids": []
          },
          "sensitive_attributes": [],
          "private": "bnVsbA=="
        }
      ]
    },
    {
      "mode": "managed",
      "type": "aws_launch_template",
      "name": "tfer--eks-a4c49d63-ccfd-2446-e803-0eef1f8a51a1",
      "provider": "provider[\"registry.terraform.io/hashicorp/aws\"]",
      "instances": [
        {
          "schema_version": 0,
          "attributes": {
            "arn": "arn:aws:ec2:ap-northeast-2:956675039632:launch-template/lt-0df08bf3e9d2d724e",
            "block_device_mappings": [
              {
                "device_name": "/dev/xvda",
                "ebs": [
                  {
                    "delete_on_termination": "true",
                    "encrypted": "",
                    "iops": 0,
                    "kms_key_id": "",
                    "snapshot_id": "",
                    "throughput": 0,
                    "volume_size": 20,
                    "volume_type": "gp2"
                  }
                ],
                "no_device": "",
                "virtual_name": ""
              }
            ],
            "capacity_reservation_specification": [],
            "cpu_options": [],
            "credit_specification": [],
            "default_version": 1,
            "description": "",
            "disable_api_stop": false,
            "disable_api_termination": false,
            "ebs_optimized": "",
            "elastic_gpu_specifications": [],
            "elastic_inference_accelerator": [],
            "enclave_options": [],
            "hibernation_options": [],
            "iam_instance_profile": [
              {
                "arn": "",
                "name": "eks-a4c49d63-ccfd-2446-e803-0eef1f8a51a1"
              }
            ],
            "id": "lt-0df08bf3e9d2d724e",
            "image_id": "ami-049513203fe146a71",
            "instance_initiated_shutdown_behavior": "",
            "instance_market_options": [],
            "instance_requirements": [],
            "instance_type": "t3a.medium",
            "kernel_id": "",
            "key_name": "",
            "latest_version": 1,
            "license_specification": [],
            "maintenance_options": [],
            "metadata_options": [
              {
                "http_endpoint": "",
                "http_protocol_ipv6": "",
                "http_put_response_hop_limit": 2,
                "http_tokens": "",
                "instance_metadata_tags": ""
              }
            ],
            "monitoring": [],
            "name": "eks-a4c49d63-ccfd-2446-e803-0eef1f8a51a1",
            "name_prefix": "",
            "network_interfaces": [
              {
                "associate_carrier_ip_address": "",
                "associate_public_ip_address": "",
                "delete_on_termination": "",
                "description": "",
                "device_index": 0,
                "interface_type": "",
                "ipv4_address_count": 0,
                "ipv4_addresses": [],
                "ipv4_prefix_count": 0,
                "ipv4_prefixes": [],
                "ipv6_address_count": 0,
                "ipv6_addresses": [],
                "ipv6_prefix_count": 0,
                "ipv6_prefixes": [],
                "network_card_index": 0,
                "network_interface_id": "",
                "private_ip_address": "",
                "security_groups": [
                  "sg-0a8aef500bcd6e339"
                ],
                "subnet_id": ""
              }
            ],
            "placement": [],
            "private_dns_name_options": [],
            "ram_disk_id": "",
            "security_group_names": [],
            "tag_specifications": [],
            "tags": {
              "eks:cluster-name": "test-eks-cluster",
              "eks:nodegroup-name": "test-eks-nodegroup"
            },
            "tags_all": {
              "eks:cluster-name": "test-eks-cluster",
              "eks:nodegroup-name": "test-eks-nodegroup"
            },
            "update_default_version": null,
            "user_data": "TUlNRS1WZXJzaW9uOiAxLjAKQ29udGVudC1UeXBlOiBtdWx0aXBhcnQvbWl4ZWQ7IGJvdW5kYXJ5PSIvLyIKCi0tLy8KQ29udGVudC1UeXBlOiB0ZXh0L3gtc2hlbGxzY3JpcHQ7IGNoYXJzZXQ9InVzLWFzY2lpIgojIS9iaW4vYmFzaApzZXQgLWV4CkI2NF9DTFVTVEVSX0NBPUxTMHRMUzFDUlVkSlRpQkRSVkpVU1VaSlEwRlVSUzB0TFMwdENrMUpTVU12YWtORFFXVmhaMEYzU1VKQlowbENRVVJCVGtKbmEzRm9hMmxIT1hjd1FrRlJjMFpCUkVGV1RWSk5kMFZSV1VSV1VWRkVSWGR3Y21SWFNtd0tZMjAxYkdSSFZucE5RalJZUkZSSmVrMUVZM2RQVkVWNlRVUm5lazB4YjFoRVZFMTZUVVJqZDA1cVJYcE5SR2Q2VFRGdmQwWlVSVlJOUWtWSFFURlZSUXBCZUUxTFlUTldhVnBZU25WYVdGSnNZM3BEUTBGVFNYZEVVVmxLUzI5YVNXaDJZMDVCVVVWQ1FsRkJSR2RuUlZCQlJFTkRRVkZ2UTJkblJVSkJUVTFwQ2pOS0syVjBWblJqVFRoT1ZHTldVMmxVU2pJek9VeFNUR2x2Vm5FemFUVlNOMkppZEVsNE1rVlFOWEJMWWtzMWRsTlZaMmRUZHpjME1rRjNWbEJvWlVNS2NXcGtNVE51YTNaTGFXMXlhbkZzVmpoM01IcDZZaTlKVTBWeGVqaERUU3RCVm05dVpFOVJNVTlNTUZkWGNteGhha1JZVlhaUVZrWXdVbWRxY0doRVVncHpja2haT1hsVlJrcEtjRkpoV0dzNU1IbzNPUzh4ZUc5V05FMUtOV1UyWmpGTE1HOTRVRVprU2pWUmFsZzRaRU5xVG5KVmJWTk1WMGRYVm5SRGVFbEhDa05DWkhwVWF6aDRUMVJJT0dWeFFVdzBSVGhJZG5KeFYwaEZOWEJRUml0MmMyTlpTSGhPUm5KWldUbDNkMmROVEhCelZrSXJURmw2V1d4NFdGUlRaRVVLVWxGSGFFb3dXazU2UVVsM1RHTmhhV00xWm14R09IUnBSbkowYW5GRVNWQnpWSGQwWTBOaWVuZ3JORE5IVlhvNWFWUnBZMFpYT0ZVMEwyZGxUVGg2TVFvM2QzWlRaamhOVEVkUlp6Rm1lbTFQTDBGTlEwRjNSVUZCWVU1YVRVWmpkMFJuV1VSV1VqQlFRVkZJTDBKQlVVUkJaMHRyVFVFNFIwRXhWV1JGZDBWQ0NpOTNVVVpOUVUxQ1FXWTRkMGhSV1VSV1VqQlBRa0paUlVaRVFWZGxSM0Z2TkRGcFVqTnRMMkYzT1VOT01WZzNNbGRQZUVWTlFsVkhRVEZWWkVWUlVVOEtUVUY1UTBOdGRERlpiVlo1WW0xV01GcFlUWGRFVVZsS1MyOWFTV2gyWTA1QlVVVk1RbEZCUkdkblJVSkJTaTlyZVZWQk1FbHNhemh4WkdwbGFFaHdRUW96Y3paRWJYWkRjSFZwZDJVME9GQnRSVm93Ym5aTFMzQXpWemR3YldjeFIwd3hkVzVGUm5BMk9FTklLekV2ZVZOU1VEVm5OREl5V1U5WlozZ3ZObTlJQ2s1eFJWbElZVTVKVWpGbWRXaFlVbU5VYVVoR1pHaEhZbkphV0c1V1RqWjVOVk5IVnpabmRrWlhSRGxuUlU5MFpHOW1Obk5YWVU1QllsQlRUekkwVkc0S1MyUlFUQzlpU2s5R1JUaENaVU55YlcwdkwyUkZjekpWU1ZkWVdFYzRSRlF4YzIxalNtNXRkamhFU3pWUFZXTkxiMHhsTDFGeVNWTnVkMWg1ZFM5Mk9RcFZlbWMxZUhWbk9WcDVNRXRUTHpVMGF6aFRVR2RHU1c5b2NsSlNZVzFaVERkeFMybEdTRmROYUU1VFdUSnVSRXM0YlhadVIzVkhSRmhtZUd3emFqTnRDbnBHZFRJeE4zSTNVSFp1T1dwaWVFRkJaVFl4WjJFMk5Hb3JTMjV2Yms1UGJFWTVaRXQyTXpRMVZEbHZVRXRZVURBNWIyZElhMnhIVml0eFpYRlVNMjhLT0VkUlBRb3RMUzB0TFVWT1JDQkRSVkpVU1VaSlEwRlVSUzB0TFMwdENnPT0KQVBJX1NFUlZFUl9VUkw9aHR0cHM6Ly8xRUE4QTQ3QzVCQjI4NkE2OUY1Qjk2NDYwMzE3NEYxRi5ncjcuYXAtbm9ydGhlYXN0LTIuZWtzLmFtYXpvbmF3cy5jb20KSzhTX0NMVVNURVJfRE5TX0lQPTEwLjEwMC4wLjEwCi9ldGMvZWtzL2Jvb3RzdHJhcC5zaCB0ZXN0LWVrcy1jbHVzdGVyIC0ta3ViZWxldC1leHRyYS1hcmdzICctLW5vZGUtbGFiZWxzPWVrcy5hbWF6b25hd3MuY29tL25vZGVncm91cC1pbWFnZT1hbWktMDQ5NTEzMjAzZmUxNDZhNzEsZWtzLmFtYXpvbmF3cy5jb20vY2FwYWNpdHlUeXBlPU9OX0RFTUFORCxla3MuYW1hem9uYXdzLmNvbS9ub2RlZ3JvdXA9dGVzdC1la3Mtbm9kZWdyb3VwLHJvbGU9ZWtzLW5vZGVncm91cCAtLW1heC1wb2RzPTE3JyAtLWI2NC1jbHVzdGVyLWNhICRCNjRfQ0xVU1RFUl9DQSAtLWFwaXNlcnZlci1lbmRwb2ludCAkQVBJX1NFUlZFUl9VUkwgLS1kbnMtY2x1c3Rlci1pcCAkSzhTX0NMVVNURVJfRE5TX0lQIC0tdXNlLW1heC1wb2RzIGZhbHNlCgotLS8vLS0=",
            "vpc_security_group_ids": []
          },
          "sensitive_attributes": []
        }
      ]
    },
    {
      "mode": "managed",
      "type": "aws_main_route_table_association",
      "name": "tfer--vpc-0d005e84f2bb96266",
      "provider": "provider[\"registry.terraform.io/hashicorp/aws\"]",
      "instances": [
        {
          "schema_version": 0,
          "attributes_flat": {
            "id": "rtbassoc-0a8bac18e1791d0cc",
            "route_table_id": "rtb-0f37da50152e19728",
            "vpc_id": "vpc-0d005e84f2bb96266"
          },
          "sensitive_attributes": []
        }
      ]
    },
    {
      "mode": "managed",
      "type": "aws_route_table",
      "name": "tfer--rtb-01131bbb0737495df",
      "provider": "provider[\"registry.terraform.io/hashicorp/aws\"]",
      "instances": [
        {
          "schema_version": 0,
          "attributes_flat": {
            "arn": "arn:aws:ec2:ap-northeast-2:956675039632:route-table/rtb-01131bbb0737495df",
            "id": "rtb-01131bbb0737495df",
            "owner_id": "956675039632",
            "propagating_vgws.#": "0",
            "route.#": "1",
            "route.0.carrier_gateway_id": "",
            "route.0.cidr_block": "0.0.0.0/0",
            "route.0.core_network_arn": "",
            "route.0.destination_prefix_list_id": "",
            "route.0.egress_only_gateway_id": "",
            "route.0.gateway_id": "igw-07b8beba6e51bc121",
            "route.0.instance_id": "",
            "route.0.ipv6_cidr_block": "",
            "route.0.local_gateway_id": "",
            "route.0.nat_gateway_id": "",
            "route.0.network_interface_id": "",
            "route.0.transit_gateway_id": "",
            "route.0.vpc_endpoint_id": "",
            "route.0.vpc_peering_connection_id": "",
            "tags.%": "1",
            "tags.Name": "public-subnet1-routing",
            "tags_all.%": "1",
            "tags_all.Name": "public-subnet1-routing",
            "vpc_id": "vpc-0d005e84f2bb96266"
          },
          "sensitive_attributes": []
        }
      ]
    },
    {
      "mode": "managed",
      "type": "aws_route_table",
      "name": "tfer--rtb-0876e73d764fd0a28",
      "provider": "provider[\"registry.terraform.io/hashicorp/aws\"]",
      "instances": [
        {
          "schema_version": 0,
          "attributes_flat": {
            "arn": "arn:aws:ec2:ap-northeast-2:956675039632:route-table/rtb-0876e73d764fd0a28",
            "id": "rtb-0876e73d764fd0a28",
            "owner_id": "956675039632",
            "propagating_vgws.#": "0",
            "route.#": "1",
            "route.0.carrier_gateway_id": "",
            "route.0.cidr_block": "0.0.0.0/0",
            "route.0.core_network_arn": "",
            "route.0.destination_prefix_list_id": "",
            "route.0.egress_only_gateway_id": "",
            "route.0.gateway_id": "igw-07b8beba6e51bc121",
            "route.0.instance_id": "",
            "route.0.ipv6_cidr_block": "",
            "route.0.local_gateway_id": "",
            "route.0.nat_gateway_id": "",
            "route.0.network_interface_id": "",
            "route.0.transit_gateway_id": "",
            "route.0.vpc_endpoint_id": "",
            "route.0.vpc_peering_connection_id": "",
            "tags.%": "1",
            "tags.Name": "public-subnet3-routing",
            "tags_all.%": "1",
            "tags_all.Name": "public-subnet3-routing",
            "vpc_id": "vpc-0d005e84f2bb96266"
          },
          "sensitive_attributes": []
        }
      ]
    },
    {
      "mode": "managed",
      "type": "aws_route_table",
      "name": "tfer--rtb-0f37da50152e19728",
      "provider": "provider[\"registry.terraform.io/hashicorp/aws\"]",
      "instances": [
        {
          "schema_version": 0,
          "attributes_flat": {
            "arn": "arn:aws:ec2:ap-northeast-2:956675039632:route-table/rtb-0f37da50152e19728",
            "id": "rtb-0f37da50152e19728",
            "owner_id": "956675039632",
            "propagating_vgws.#": "0",
            "route.#": "1",
            "route.0.carrier_gateway_id": "",
            "route.0.cidr_block": "0.0.0.0/0",
            "route.0.core_network_arn": "",
            "route.0.destination_prefix_list_id": "",
            "route.0.egress_only_gateway_id": "",
            "route.0.gateway_id": "igw-07b8beba6e51bc121",
            "route.0.instance_id": "",
            "route.0.ipv6_cidr_block": "",
            "route.0.local_gateway_id": "",
            "route.0.nat_gateway_id": "",
            "route.0.network_interface_id": "",
            "route.0.transit_gateway_id": "",
            "route.0.vpc_endpoint_id": "",
            "route.0.vpc_peering_connection_id": "",
            "tags.%": "0",
            "tags_all.%": "0",
            "vpc_id": "vpc-0d005e84f2bb96266"
          },
          "sensitive_attributes": []
        }
      ]
    },
    {
      "mode": "managed",
      "type": "aws_route_table_association",
      "name": "tfer--subnet-02784bcb3e173a4d6",
      "provider": "provider[\"registry.terraform.io/hashicorp/aws\"]",
      "instances": [
        {
          "schema_version": 0,
          "attributes_flat": {
            "gateway_id": "",
            "id": "rtbassoc-055b129e1776c55df",
            "route_table_id": "rtb-01131bbb0737495df",
            "subnet_id": "subnet-02784bcb3e173a4d6"
          },
          "sensitive_attributes": []
        }
      ]
    },
    {
      "mode": "managed",
      "type": "aws_route_table_association",
      "name": "tfer--subnet-09a03515a300c2fe0",
      "provider": "provider[\"registry.terraform.io/hashicorp/aws\"]",
      "instances": [
        {
          "schema_version": 0,
          "attributes_flat": {
            "gateway_id": "",
            "id": "rtbassoc-0f49dbd53b06f6893",
            "route_table_id": "rtb-0876e73d764fd0a28",
            "subnet_id": "subnet-09a03515a300c2fe0"
          },
          "sensitive_attributes": []
        }
      ]
    },
    {
      "mode": "managed",
      "type": "aws_security_group",
      "name": "test-sg-eks-cluster",
      "provider": "provider[\"registry.terraform.io/hashicorp/aws\"]",
      "instances": [
        {
          "schema_version": 1,
          "attributes": {
            "arn": "arn:aws:ec2:ap-northeast-2:956675039632:security-group/sg-06a9ea2b033698d10",
            "description": "security_group for test-eks-cluster",
            "egress": [
              {
                "cidr_blocks": [
                  "0.0.0.0/0"
                ],
                "description": "egress security_group_rule for test-eks-cluster",
                "from_port": 0,
                "ipv6_cidr_blocks": [],
                "prefix_list_ids": [],
                "protocol": "-1",
                "security_groups": [],
                "self": false,
                "to_port": 0
              }
            ],
            "id": "sg-06a9ea2b033698d10",
            "ingress": [
              {
                "cidr_blocks": [
                  "0.0.0.0/0"
                ],
                "description": "ingress security_group_rule for test-eks-cluster",
                "from_port": 0,
                "ipv6_cidr_blocks": [],
                "prefix_list_ids": [],
                "protocol": "-1",
                "security_groups": [],
                "self": false,
                "to_port": 0
              }
            ],
            "name": "test-sg-eks-cluster",
            "name_prefix": "",
            "owner_id": "956675039632",
            "revoke_rules_on_delete": false,
            "tags": {
              "Name": "test-sg-eks-cluster"
            },
            "tags_all": {
              "Name": "test-sg-eks-cluster"
            },
            "timeouts": null,
            "vpc_id": "vpc-0d005e84f2bb96266"
          },
          "sensitive_attributes": [],
          "private": "eyJlMmJmYjczMC1lY2FhLTExZTYtOGY4OC0zNDM2M2JjN2M0YzAiOnsiY3JlYXRlIjo2MDAwMDAwMDAwMDAsImRlbGV0ZSI6OTAwMDAwMDAwMDAwfSwic2NoZW1hX3ZlcnNpb24iOiIxIn0="
        }
      ]
    },
    {
      "mode": "managed",
      "type": "aws_security_group_rule",
      "name": "test-sg-eks-cluster-egress",
      "provider": "provider[\"registry.terraform.io/hashicorp/aws\"]",
      "instances": [
        {
          "schema_version": 2,
          "attributes": {
            "cidr_blocks": [
              "0.0.0.0/0"
            ],
            "description": "egress security_group_rule for test-eks-cluster",
            "from_port": 0,
            "id": "sgrule-1265902988",
            "ipv6_cidr_blocks": null,
            "prefix_list_ids": null,
            "protocol": "-1",
            "security_group_id": "sg-06a9ea2b033698d10",
            "security_group_rule_id": "sgr-0f5f3005476c3f084",
            "self": false,
            "source_security_group_id": null,
            "timeouts": null,
            "to_port": 0,
            "type": "egress"
          },
          "sensitive_attributes": [],
          "private": "eyJlMmJmYjczMC1lY2FhLTExZTYtOGY4OC0zNDM2M2JjN2M0YzAiOnsiY3JlYXRlIjozMDAwMDAwMDAwMDB9LCJzY2hlbWFfdmVyc2lvbiI6IjIifQ==",
          "dependencies": [
            "aws_security_group.test-sg-eks-cluster"
          ]
        }
      ]
    },
    {
      "mode": "managed",
      "type": "aws_security_group_rule",
      "name": "test-sg-eks-cluster-ingress",
      "provider": "provider[\"registry.terraform.io/hashicorp/aws\"]",
      "instances": [
        {
          "schema_version": 2,
          "attributes": {
            "cidr_blocks": [
              "0.0.0.0/0"
            ],
            "description": "ingress security_group_rule for test-eks-cluster",
            "from_port": 0,
            "id": "sgrule-1715968122",
            "ipv6_cidr_blocks": null,
            "prefix_list_ids": null,
            "protocol": "-1",
            "security_group_id": "sg-06a9ea2b033698d10",
            "security_group_rule_id": "sgr-0f5f3005476c3f084",
            "self": false,
            "source_security_group_id": null,
            "timeouts": null,
            "to_port": 0,
            "type": "ingress"
          },
          "sensitive_attributes": [],
          "private": "eyJlMmJmYjczMC1lY2FhLTExZTYtOGY4OC0zNDM2M2JjN2M0YzAiOnsiY3JlYXRlIjozMDAwMDAwMDAwMDB9LCJzY2hlbWFfdmVyc2lvbiI6IjIifQ==",
          "dependencies": [
            "aws_security_group.test-sg-eks-cluster"
          ]
        }
      ]
    },
    {
      "mode": "managed",
      "type": "aws_subnet",
      "name": "tfer--subnet-02784bcb3e173a4d6",
      "provider": "provider[\"registry.terraform.io/hashicorp/aws\"]",
      "instances": [
        {
          "schema_version": 1,
          "attributes_flat": {
            "arn": "arn:aws:ec2:ap-northeast-2:956675039632:subnet/subnet-02784bcb3e173a4d6",
            "assign_ipv6_address_on_creation": "false",
            "availability_zone": "ap-northeast-2a",
            "availability_zone_id": "apne2-az1",
            "cidr_block": "172.31.0.0/20",
            "customer_owned_ipv4_pool": "",
            "enable_dns64": "false",
            "enable_resource_name_dns_a_record_on_launch": "false",
            "enable_resource_name_dns_aaaa_record_on_launch": "false",
            "id": "subnet-02784bcb3e173a4d6",
            "ipv6_cidr_block": "",
            "ipv6_cidr_block_association_id": "",
            "ipv6_native": "false",
            "map_customer_owned_ip_on_launch": "false",
            "map_public_ip_on_launch": "true",
            "outpost_arn": "",
            "owner_id": "956675039632",
            "private_dns_hostname_type_on_launch": "ip-name",
            "tags.%": "2",
            "tags.Name": "public-subnet1",
            "tags.kubernetes.io/cluster/test-eks-runner": "shared",
            "tags_all.%": "2",
            "tags_all.Name": "public-subnet1",
            "tags_all.kubernetes.io/cluster/test-eks-runner": "shared",
            "vpc_id": "vpc-0d005e84f2bb96266"
          },
          "sensitive_attributes": []
        }
      ]
    },
    {
      "mode": "managed",
      "type": "aws_subnet",
      "name": "tfer--subnet-09a03515a300c2fe0",
      "provider": "provider[\"registry.terraform.io/hashicorp/aws\"]",
      "instances": [
        {
          "schema_version": 1,
          "attributes_flat": {
            "arn": "arn:aws:ec2:ap-northeast-2:956675039632:subnet/subnet-09a03515a300c2fe0",
            "assign_ipv6_address_on_creation": "false",
            "availability_zone": "ap-northeast-2c",
            "availability_zone_id": "apne2-az3",
            "cidr_block": "172.31.32.0/20",
            "customer_owned_ipv4_pool": "",
            "enable_dns64": "false",
            "enable_resource_name_dns_a_record_on_launch": "false",
            "enable_resource_name_dns_aaaa_record_on_launch": "false",
            "id": "subnet-09a03515a300c2fe0",
            "ipv6_cidr_block": "",
            "ipv6_cidr_block_association_id": "",
            "ipv6_native": "false",
            "map_customer_owned_ip_on_launch": "false",
            "map_public_ip_on_launch": "true",
            "outpost_arn": "",
            "owner_id": "956675039632",
            "private_dns_hostname_type_on_launch": "ip-name",
            "tags.%": "2",
            "tags.Name": "public-subnet3",
            "tags.kubernetes.io/cluster/test-eks-runner": "shared",
            "tags_all.%": "2",
            "tags_all.Name": "public-subnet3",
            "tags_all.kubernetes.io/cluster/test-eks-runner": "shared",
            "vpc_id": "vpc-0d005e84f2bb96266"
          },
          "sensitive_attributes": []
        }
      ]
    },
    {
      "mode": "managed",
      "type": "aws_vpc",
      "name": "tfer--vpc-0d005e84f2bb96266",
      "provider": "provider[\"registry.terraform.io/hashicorp/aws\"]",
      "instances": [
        {
          "schema_version": 1,
          "attributes_flat": {
            "arn": "arn:aws:ec2:ap-northeast-2:956675039632:vpc/vpc-0d005e84f2bb96266",
            "assign_generated_ipv6_cidr_block": "false",
            "cidr_block": "172.31.0.0/16",
            "default_network_acl_id": "acl-0e7ed46b912e664dd",
            "default_route_table_id": "rtb-0f37da50152e19728",
            "default_security_group_id": "sg-012c9c369c2eb8f25",
            "dhcp_options_id": "dopt-0938f5c03436a3ca6",
            "enable_classiclink": "false",
            "enable_classiclink_dns_support": "false",
            "enable_dns_hostnames": "true",
            "enable_dns_support": "true",
            "enable_network_address_usage_metrics": "false",
            "id": "vpc-0d005e84f2bb96266",
            "instance_tenancy": "default",
            "ipv6_association_id": "",
            "ipv6_cidr_block": "",
            "ipv6_cidr_block_network_border_group": "",
            "ipv6_ipam_pool_id": "",
            "ipv6_netmask_length": "0",
            "main_route_table_id": "rtb-0f37da50152e19728",
            "owner_id": "956675039632",
            "tags.%": "0",
            "tags_all.%": "0"
          },
          "sensitive_attributes": []
        }
      ]
    }
  ],
  "check_results": null
}
