{
  "version": 4,
  "terraform_version": "1.5.2",
  "serial": 1,
  "lineage": "c63e74c2-5681-1607-10f1-e98ce21e7e48",
  "outputs": {
    "aws_vpc_tfer--vpc-0d005e84f2bb96266_id": {
      "value": "vpc-0d005e84f2bb96266",
      "type": "string"
    }
  },
  "resources": [
    {
      "mode": "managed",
      "type": "aws_vpc",
      "name": "tfer--vpc-0d005e84f2bb96266",
      "provider": "provider[\"registry.terraform.io/-/aws\"]",
      "instances": [
        {
          "schema_version": 1,
          "attributes_flat": {
            "arn": "arn:aws:ec2:ap-northeast-2:956675039632:vpc/vpc-0d005e84f2bb96266",
            "assign_generated_ipv6_cidr_block": "false",
            "cidr_block": "172.31.0.0/16",
            "default_network_acl_id": "acl-0e7ed46b912e664dd",
            "default_route_table_id": "rtb-0f37da50152e19728",
            "default_security_group_id": "sg-012c9c369c2eb8f25",
            "dhcp_options_id": "dopt-0938f5c03436a3ca6",
            "enable_classiclink": "false",
            "enable_classiclink_dns_support": "false",
            "enable_dns_hostnames": "true",
            "enable_dns_support": "true",
            "enable_network_address_usage_metrics": "false",
            "id": "vpc-0d005e84f2bb96266",
            "instance_tenancy": "default",
            "ipv6_association_id": "",
            "ipv6_cidr_block": "",
            "ipv6_cidr_block_network_border_group": "",
            "ipv6_ipam_pool_id": "",
            "ipv6_netmask_length": "0",
            "main_route_table_id": "rtb-0f37da50152e19728",
            "owner_id": "956675039632",
            "tags.%": "0",
            "tags_all.%": "0"
          },
          "sensitive_attributes": []
        }
      ]
    }
  ],
  "check_results": null
}
